// !$*UTF8*$!
{
	archiveVersion = 1;
	classes = {
	};
	objectVersion = 55;
	objects = {

/* Begin PBXBuildFile section */
		7103AA7828B878E10021EB8B /* NotificationHelper.swift in Sources */ = {isa = PBXBuildFile; fileRef = 7103AA7728B878E10021EB8B /* NotificationHelper.swift */; };
		7103AA7928B878E10021EB8B /* NotificationHelper.swift in Sources */ = {isa = PBXBuildFile; fileRef = 7103AA7728B878E10021EB8B /* NotificationHelper.swift */; };
		7103AA7C28B879230021EB8B /* NotificationDataModel.swift in Sources */ = {isa = PBXBuildFile; fileRef = 7103AA7B28B879230021EB8B /* NotificationDataModel.swift */; };
		7103AA7D28B879230021EB8B /* NotificationDataModel.swift in Sources */ = {isa = PBXBuildFile; fileRef = 7103AA7B28B879230021EB8B /* NotificationDataModel.swift */; };
		71079362289A427B00FC2699 /* ActivityIndicatorView.swift in Sources */ = {isa = PBXBuildFile; fileRef = 71079361289A427B00FC2699 /* ActivityIndicatorView.swift */; };
		71079363289A427B00FC2699 /* ActivityIndicatorView.swift in Sources */ = {isa = PBXBuildFile; fileRef = 71079361289A427B00FC2699 /* ActivityIndicatorView.swift */; };
		71079365289A5E7300FC2699 /* Extensions.swift in Sources */ = {isa = PBXBuildFile; fileRef = 71079364289A5E7300FC2699 /* Extensions.swift */; };
		71079366289A5E7300FC2699 /* Extensions.swift in Sources */ = {isa = PBXBuildFile; fileRef = 71079364289A5E7300FC2699 /* Extensions.swift */; };
		7109B074289A8C4F00408E49 /* CurrentTemperatureRowView.swift in Sources */ = {isa = PBXBuildFile; fileRef = 7109B073289A8C4F00408E49 /* CurrentTemperatureRowView.swift */; };
		7109B075289A8C4F00408E49 /* CurrentTemperatureRowView.swift in Sources */ = {isa = PBXBuildFile; fileRef = 7109B073289A8C4F00408E49 /* CurrentTemperatureRowView.swift */; };
		711013A928A35AFD0010272C /* SunAndMoonRowView.swift in Sources */ = {isa = PBXBuildFile; fileRef = 711013A828A35AFD0010272C /* SunAndMoonRowView.swift */; };
		711013AA28A35AFD0010272C /* SunAndMoonRowView.swift in Sources */ = {isa = PBXBuildFile; fileRef = 711013A828A35AFD0010272C /* SunAndMoonRowView.swift */; };
		711013AD28A35D3D0010272C /* SunAndMoonStateRowView.swift in Sources */ = {isa = PBXBuildFile; fileRef = 711013AC28A35D3D0010272C /* SunAndMoonStateRowView.swift */; };
		711013AE28A35D3D0010272C /* SunAndMoonStateRowView.swift in Sources */ = {isa = PBXBuildFile; fileRef = 711013AC28A35D3D0010272C /* SunAndMoonStateRowView.swift */; };
		711901A9289107E300E868E9 /* TodayContentView.swift in Sources */ = {isa = PBXBuildFile; fileRef = 711901A8289107E300E868E9 /* TodayContentView.swift */; };
		711901AA2891086800E868E9 /* TodayContentView.swift in Sources */ = {isa = PBXBuildFile; fileRef = 711901A8289107E300E868E9 /* TodayContentView.swift */; };
		711901AC28910E3200E868E9 /* Localizable.strings in Resources */ = {isa = PBXBuildFile; fileRef = 712C28E92890EAC8002AD4CF /* Localizable.strings */; };
		711901AE2891125B00E868E9 /* TomorrowContentView.swift in Sources */ = {isa = PBXBuildFile; fileRef = 711901AD2891125B00E868E9 /* TomorrowContentView.swift */; };
		711901AF2891125B00E868E9 /* TomorrowContentView.swift in Sources */ = {isa = PBXBuildFile; fileRef = 711901AD2891125B00E868E9 /* TomorrowContentView.swift */; };
		711901B12891149000E868E9 /* NextDaysContentView.swift in Sources */ = {isa = PBXBuildFile; fileRef = 711901B02891149000E868E9 /* NextDaysContentView.swift */; };
		711901B22891149000E868E9 /* NextDaysContentView.swift in Sources */ = {isa = PBXBuildFile; fileRef = 711901B02891149000E868E9 /* NextDaysContentView.swift */; };
		711BB7C928B1631000B7BA2E /* UserDefaultsUtils.swift in Sources */ = {isa = PBXBuildFile; fileRef = 711BB7C828B1631000B7BA2E /* UserDefaultsUtils.swift */; };
		711BB7CA28B1631000B7BA2E /* UserDefaultsUtils.swift in Sources */ = {isa = PBXBuildFile; fileRef = 711BB7C828B1631000B7BA2E /* UserDefaultsUtils.swift */; };
		711BB7CD28B1637200B7BA2E /* ObjectSaveable.swift in Sources */ = {isa = PBXBuildFile; fileRef = 711BB7CC28B1637200B7BA2E /* ObjectSaveable.swift */; };
		711BB7CE28B1637200B7BA2E /* ObjectSaveable.swift in Sources */ = {isa = PBXBuildFile; fileRef = 711BB7CC28B1637200B7BA2E /* ObjectSaveable.swift */; };
		711BB7D128B163C600B7BA2E /* ObjectSaveableError.swift in Sources */ = {isa = PBXBuildFile; fileRef = 711BB7D028B163C600B7BA2E /* ObjectSaveableError.swift */; };
		711BB7D228B163C600B7BA2E /* ObjectSaveableError.swift in Sources */ = {isa = PBXBuildFile; fileRef = 711BB7D028B163C600B7BA2E /* ObjectSaveableError.swift */; };
		711BB7D428B16A7600B7BA2E /* CenterModifier.swift in Sources */ = {isa = PBXBuildFile; fileRef = 711BB7D328B16A7600B7BA2E /* CenterModifier.swift */; };
		711BB7D528B16A7600B7BA2E /* CenterModifier.swift in Sources */ = {isa = PBXBuildFile; fileRef = 711BB7D328B16A7600B7BA2E /* CenterModifier.swift */; };
		711BB7D828B16B5600B7BA2E /* WeatherRefreshControl.swift in Sources */ = {isa = PBXBuildFile; fileRef = 711BB7D728B16B5600B7BA2E /* WeatherRefreshControl.swift */; };
		711BB7D928B16B5600B7BA2E /* WeatherRefreshControl.swift in Sources */ = {isa = PBXBuildFile; fileRef = 711BB7D728B16B5600B7BA2E /* WeatherRefreshControl.swift */; };
		712105F4289B793C003089D5 /* DotView.swift in Sources */ = {isa = PBXBuildFile; fileRef = 712105F3289B793C003089D5 /* DotView.swift */; };
		712105F5289B793C003089D5 /* DotView.swift in Sources */ = {isa = PBXBuildFile; fileRef = 712105F3289B793C003089D5 /* DotView.swift */; };
		7125F75328939C8500F72D6F /* WeatherConditionDataModel.swift in Sources */ = {isa = PBXBuildFile; fileRef = 7125F75228939C8500F72D6F /* WeatherConditionDataModel.swift */; };
		7125F75428939C8500F72D6F /* WeatherConditionDataModel.swift in Sources */ = {isa = PBXBuildFile; fileRef = 7125F75228939C8500F72D6F /* WeatherConditionDataModel.swift */; };
		7125F75628939C9E00F72D6F /* WeatherAirQualityDataModel.swift in Sources */ = {isa = PBXBuildFile; fileRef = 7125F75528939C9E00F72D6F /* WeatherAirQualityDataModel.swift */; };
		7125F75728939C9E00F72D6F /* WeatherAirQualityDataModel.swift in Sources */ = {isa = PBXBuildFile; fileRef = 7125F75528939C9E00F72D6F /* WeatherAirQualityDataModel.swift */; };
		7125F75A28939D9B00F72D6F /* CustomColor.swift in Sources */ = {isa = PBXBuildFile; fileRef = 7125F75928939D9B00F72D6F /* CustomColor.swift */; };
		7125F75B28939D9B00F72D6F /* CustomColor.swift in Sources */ = {isa = PBXBuildFile; fileRef = 7125F75928939D9B00F72D6F /* CustomColor.swift */; };
		712AB5AD28993EC3003883F8 /* CalendarRowView.swift in Sources */ = {isa = PBXBuildFile; fileRef = 712AB5AC28993EC3003883F8 /* CalendarRowView.swift */; };
		712AB5AE28993EC3003883F8 /* CalendarRowView.swift in Sources */ = {isa = PBXBuildFile; fileRef = 712AB5AC28993EC3003883F8 /* CalendarRowView.swift */; };
		712AB5B028994427003883F8 /* LottieView.swift in Sources */ = {isa = PBXBuildFile; fileRef = 712AB5AF28994427003883F8 /* LottieView.swift */; };
		712AB5B128994427003883F8 /* LottieView.swift in Sources */ = {isa = PBXBuildFile; fileRef = 712AB5AF28994427003883F8 /* LottieView.swift */; };
		712C28C12890E5E5002AD4CF /* Tests_iOS.swift in Sources */ = {isa = PBXBuildFile; fileRef = 712C28C02890E5E5002AD4CF /* Tests_iOS.swift */; };
		712C28C32890E5E5002AD4CF /* Tests_iOSLaunchTests.swift in Sources */ = {isa = PBXBuildFile; fileRef = 712C28C22890E5E5002AD4CF /* Tests_iOSLaunchTests.swift */; };
		712C28CD2890E5E5002AD4CF /* Tests_macOS.swift in Sources */ = {isa = PBXBuildFile; fileRef = 712C28CC2890E5E5002AD4CF /* Tests_macOS.swift */; };
		712C28CF2890E5E5002AD4CF /* Tests_macOSLaunchTests.swift in Sources */ = {isa = PBXBuildFile; fileRef = 712C28CE2890E5E5002AD4CF /* Tests_macOSLaunchTests.swift */; };
		712C28D02890E5E5002AD4CF /* SwiftUIWeatherApp.swift in Sources */ = {isa = PBXBuildFile; fileRef = 712C28A82890E5E2002AD4CF /* SwiftUIWeatherApp.swift */; };
		712C28D12890E5E5002AD4CF /* SwiftUIWeatherApp.swift in Sources */ = {isa = PBXBuildFile; fileRef = 712C28A82890E5E2002AD4CF /* SwiftUIWeatherApp.swift */; };
		712C28D22890E5E5002AD4CF /* WeatherMainContentView.swift in Sources */ = {isa = PBXBuildFile; fileRef = 712C28A92890E5E2002AD4CF /* WeatherMainContentView.swift */; };
		712C28D32890E5E5002AD4CF /* WeatherMainContentView.swift in Sources */ = {isa = PBXBuildFile; fileRef = 712C28A92890E5E2002AD4CF /* WeatherMainContentView.swift */; };
		712C28D42890E5E5002AD4CF /* Assets.xcassets in Resources */ = {isa = PBXBuildFile; fileRef = 712C28AA2890E5E5002AD4CF /* Assets.xcassets */; };
		712C28D52890E5E5002AD4CF /* Assets.xcassets in Resources */ = {isa = PBXBuildFile; fileRef = 712C28AA2890E5E5002AD4CF /* Assets.xcassets */; };
		712C28E72890E976002AD4CF /* WeatherNavigationScreen.swift in Sources */ = {isa = PBXBuildFile; fileRef = 712C28E62890E976002AD4CF /* WeatherNavigationScreen.swift */; };
		712C28EA2890EAC8002AD4CF /* Localizable.strings in Resources */ = {isa = PBXBuildFile; fileRef = 712C28E92890EAC8002AD4CF /* Localizable.strings */; };
		712C28EF2890EBCC002AD4CF /* StringUtils.swift in Sources */ = {isa = PBXBuildFile; fileRef = 712C28EE2890EBCC002AD4CF /* StringUtils.swift */; };
		712C28F02890ED76002AD4CF /* WeatherNavigationScreen.swift in Sources */ = {isa = PBXBuildFile; fileRef = 712C28E62890E976002AD4CF /* WeatherNavigationScreen.swift */; };
		712FAE8F28AFFF86003E575E /* TemperatureUnitType.swift in Sources */ = {isa = PBXBuildFile; fileRef = 712FAE8E28AFFF86003E575E /* TemperatureUnitType.swift */; };
		712FAE9028AFFF86003E575E /* TemperatureUnitType.swift in Sources */ = {isa = PBXBuildFile; fileRef = 712FAE8E28AFFF86003E575E /* TemperatureUnitType.swift */; };
		712FAE9328B0003A003E575E /* SettingsStore.swift in Sources */ = {isa = PBXBuildFile; fileRef = 712FAE9228B0003A003E575E /* SettingsStore.swift */; };
		712FAE9428B0003A003E575E /* SettingsStore.swift in Sources */ = {isa = PBXBuildFile; fileRef = 712FAE9228B0003A003E575E /* SettingsStore.swift */; };
		712FAE9B28B0134D003E575E /* MapItemPicker in Frameworks */ = {isa = PBXBuildFile; productRef = 712FAE9A28B0134D003E575E /* MapItemPicker */; };
		7130905528A78ACA007C47BF /* ForecaseDayWeatherView.swift in Sources */ = {isa = PBXBuildFile; fileRef = 7130905428A78ACA007C47BF /* ForecaseDayWeatherView.swift */; };
		7130905628A78ACA007C47BF /* ForecaseDayWeatherView.swift in Sources */ = {isa = PBXBuildFile; fileRef = 7130905428A78ACA007C47BF /* ForecaseDayWeatherView.swift */; };
		7131BDC02899216700803B2A /* LocationModel.swift in Sources */ = {isa = PBXBuildFile; fileRef = 7131BDBF2899216700803B2A /* LocationModel.swift */; };
		7131BDC12899216700803B2A /* LocationModel.swift in Sources */ = {isa = PBXBuildFile; fileRef = 7131BDBF2899216700803B2A /* LocationModel.swift */; };
		7137839F28928AE0006FFC87 /* WeatherViewModel.swift in Sources */ = {isa = PBXBuildFile; fileRef = 7137839E28928AE0006FFC87 /* WeatherViewModel.swift */; };
		713783A028928AE0006FFC87 /* WeatherViewModel.swift in Sources */ = {isa = PBXBuildFile; fileRef = 7137839E28928AE0006FFC87 /* WeatherViewModel.swift */; };
		713783A328928C2F006FFC87 /* AddressDataModel.swift in Sources */ = {isa = PBXBuildFile; fileRef = 713783A228928C2F006FFC87 /* AddressDataModel.swift */; };
		713783A428928C2F006FFC87 /* AddressDataModel.swift in Sources */ = {isa = PBXBuildFile; fileRef = 713783A228928C2F006FFC87 /* AddressDataModel.swift */; };
		713783A928928D85006FFC87 /* RequestManager.swift in Sources */ = {isa = PBXBuildFile; fileRef = 713783A828928D85006FFC87 /* RequestManager.swift */; };
		713783AA28928D85006FFC87 /* RequestManager.swift in Sources */ = {isa = PBXBuildFile; fileRef = 713783A828928D85006FFC87 /* RequestManager.swift */; };
		713783AC28928DBD006FFC87 /* RQ_WeatherForecastManager.swift in Sources */ = {isa = PBXBuildFile; fileRef = 713783AB28928DBD006FFC87 /* RQ_WeatherForecastManager.swift */; };
		713783AD28928DBD006FFC87 /* RQ_WeatherForecastManager.swift in Sources */ = {isa = PBXBuildFile; fileRef = 713783AB28928DBD006FFC87 /* RQ_WeatherForecastManager.swift */; };
		713783AF28928EB0006FFC87 /* ApiConstants.swift in Sources */ = {isa = PBXBuildFile; fileRef = 713783AE28928EB0006FFC87 /* ApiConstants.swift */; };
		713783B028928EB0006FFC87 /* ApiConstants.swift in Sources */ = {isa = PBXBuildFile; fileRef = 713783AE28928EB0006FFC87 /* ApiConstants.swift */; };
		713783B328929258006FFC87 /* WeatherResponseModel.swift in Sources */ = {isa = PBXBuildFile; fileRef = 713783B228929258006FFC87 /* WeatherResponseModel.swift */; };
		713783B428929258006FFC87 /* WeatherResponseModel.swift in Sources */ = {isa = PBXBuildFile; fileRef = 713783B228929258006FFC87 /* WeatherResponseModel.swift */; };
		713783B6289292D9006FFC87 /* WeatherLocationDataModel.swift in Sources */ = {isa = PBXBuildFile; fileRef = 713783B5289292D9006FFC87 /* WeatherLocationDataModel.swift */; };
		713783B7289292D9006FFC87 /* WeatherLocationDataModel.swift in Sources */ = {isa = PBXBuildFile; fileRef = 713783B5289292D9006FFC87 /* WeatherLocationDataModel.swift */; };
		713783B9289292F8006FFC87 /* CurrentWeatherDataModel.swift in Sources */ = {isa = PBXBuildFile; fileRef = 713783B8289292F8006FFC87 /* CurrentWeatherDataModel.swift */; };
		713783BC28929316006FFC87 /* WeatherForecastDataModel.swift in Sources */ = {isa = PBXBuildFile; fileRef = 713783BB28929316006FFC87 /* WeatherForecastDataModel.swift */; };
		713783BD28929316006FFC87 /* WeatherForecastDataModel.swift in Sources */ = {isa = PBXBuildFile; fileRef = 713783BB28929316006FFC87 /* WeatherForecastDataModel.swift */; };
		713783C028929446006FFC87 /* ErrorModel.swift in Sources */ = {isa = PBXBuildFile; fileRef = 713783BF28929446006FFC87 /* ErrorModel.swift */; };
		713783C128929446006FFC87 /* ErrorModel.swift in Sources */ = {isa = PBXBuildFile; fileRef = 713783BF28929446006FFC87 /* ErrorModel.swift */; };
		713D7081289A1E3300D5B80C /* LocationModelProtocol.swift in Sources */ = {isa = PBXBuildFile; fileRef = 713D7080289A1E3300D5B80C /* LocationModelProtocol.swift */; };
		713D7082289A1E3300D5B80C /* LocationModelProtocol.swift in Sources */ = {isa = PBXBuildFile; fileRef = 713D7080289A1E3300D5B80C /* LocationModelProtocol.swift */; };
		713D7085289A1ED800D5B80C /* WeatherMainContentView+Extensions.swift in Sources */ = {isa = PBXBuildFile; fileRef = 713D7084289A1ED800D5B80C /* WeatherMainContentView+Extensions.swift */; };
		713D7086289A1ED800D5B80C /* WeatherMainContentView+Extensions.swift in Sources */ = {isa = PBXBuildFile; fileRef = 713D7084289A1ED800D5B80C /* WeatherMainContentView+Extensions.swift */; };
		7150324B289ED60D006A7CF9 /* VerticalProgressBar.swift in Sources */ = {isa = PBXBuildFile; fileRef = 7150324A289ED60D006A7CF9 /* VerticalProgressBar.swift */; };
		7150324C289ED60D006A7CF9 /* VerticalProgressBar.swift in Sources */ = {isa = PBXBuildFile; fileRef = 7150324A289ED60D006A7CF9 /* VerticalProgressBar.swift */; };
		7150324E289EE0E8006A7CF9 /* HeaderView.swift in Sources */ = {isa = PBXBuildFile; fileRef = 7150324D289EE0E8006A7CF9 /* HeaderView.swift */; };
		7150324F289EE0E8006A7CF9 /* HeaderView.swift in Sources */ = {isa = PBXBuildFile; fileRef = 7150324D289EE0E8006A7CF9 /* HeaderView.swift */; };
		71503251289EE3EB006A7CF9 /* HourlyWeatherConditionRowView.swift in Sources */ = {isa = PBXBuildFile; fileRef = 71503250289EE3EB006A7CF9 /* HourlyWeatherConditionRowView.swift */; };
		71503252289EE3EB006A7CF9 /* HourlyWeatherConditionRowView.swift in Sources */ = {isa = PBXBuildFile; fileRef = 71503250289EE3EB006A7CF9 /* HourlyWeatherConditionRowView.swift */; };
		715627F628ADE8540056909F /* RequestLocationView.swift in Sources */ = {isa = PBXBuildFile; fileRef = 715627F528ADE8540056909F /* RequestLocationView.swift */; };
		715627F728ADE8540056909F /* RequestLocationView.swift in Sources */ = {isa = PBXBuildFile; fileRef = 715627F528ADE8540056909F /* RequestLocationView.swift */; };
		715627F928ADED6A0056909F /* NetworkErrorView.swift in Sources */ = {isa = PBXBuildFile; fileRef = 715627F828ADED6A0056909F /* NetworkErrorView.swift */; };
		715627FA28ADED6A0056909F /* NetworkErrorView.swift in Sources */ = {isa = PBXBuildFile; fileRef = 715627F828ADED6A0056909F /* NetworkErrorView.swift */; };
		7160C6F528AF3DBA00F72FA8 /* SettingsView.swift in Sources */ = {isa = PBXBuildFile; fileRef = 7160C6F428AF3DBA00F72FA8 /* SettingsView.swift */; };
		7160C6F628AF3DBA00F72FA8 /* SettingsView.swift in Sources */ = {isa = PBXBuildFile; fileRef = 7160C6F428AF3DBA00F72FA8 /* SettingsView.swift */; };
		7160C6FB28AF3EA200F72FA8 /* WeatherSettings.swift in Sources */ = {isa = PBXBuildFile; fileRef = 7160C6FA28AF3EA200F72FA8 /* WeatherSettings.swift */; };
		7160C6FC28AF3EA200F72FA8 /* WeatherSettings.swift in Sources */ = {isa = PBXBuildFile; fileRef = 7160C6FA28AF3EA200F72FA8 /* WeatherSettings.swift */; };
		7174859F28991AC0001E239F /* Alamofire in Frameworks */ = {isa = PBXBuildFile; productRef = 7174859E28991AC0001E239F /* Alamofire */; };
		717485A028991AFF001E239F /* CustomImage.swift in Sources */ = {isa = PBXBuildFile; fileRef = 71CBFF6F28990CFB00143EF6 /* CustomImage.swift */; };
		717485A128991B01001E239F /* WeatherHourlyDataModel.swift in Sources */ = {isa = PBXBuildFile; fileRef = 71C79EC02897CE38004986E3 /* WeatherHourlyDataModel.swift */; };
		717485A228991B04001E239F /* CurrentWeatherDataModel.swift in Sources */ = {isa = PBXBuildFile; fileRef = 713783B8289292F8006FFC87 /* CurrentWeatherDataModel.swift */; };
		717485A328991B06001E239F /* CurrentDayWeatherDataModel.swift in Sources */ = {isa = PBXBuildFile; fileRef = 71C79EBA2897CDB2004986E3 /* CurrentDayWeatherDataModel.swift */; };
		717485A428991B09001E239F /* SunAndMoonState.swift in Sources */ = {isa = PBXBuildFile; fileRef = 71CBFF6C2899010A00143EF6 /* SunAndMoonState.swift */; };
		717485A528991B0C001E239F /* StringUtils.swift in Sources */ = {isa = PBXBuildFile; fileRef = 712C28EE2890EBCC002AD4CF /* StringUtils.swift */; };
		717485BB28991C38001E239F /* no_internet_animation.json in Resources */ = {isa = PBXBuildFile; fileRef = 717485B428991C38001E239F /* no_internet_animation.json */; };
		717485BC28991C38001E239F /* location_animation.json in Resources */ = {isa = PBXBuildFile; fileRef = 717485B528991C38001E239F /* location_animation.json */; };
		717485BD28991C38001E239F /* sun_uv_animation.json in Resources */ = {isa = PBXBuildFile; fileRef = 717485B628991C38001E239F /* sun_uv_animation.json */; };
		717485BE28991C38001E239F /* day_animation.json in Resources */ = {isa = PBXBuildFile; fileRef = 717485B728991C38001E239F /* day_animation.json */; };
		717485BF28991C38001E239F /* wind_animation.json in Resources */ = {isa = PBXBuildFile; fileRef = 717485B828991C38001E239F /* wind_animation.json */; };
		717485C028991C38001E239F /* night_animation.json in Resources */ = {isa = PBXBuildFile; fileRef = 717485B928991C38001E239F /* night_animation.json */; };
		717485C128991C38001E239F /* humidity_animation.json in Resources */ = {isa = PBXBuildFile; fileRef = 717485BA28991C38001E239F /* humidity_animation.json */; };
		71C79EB82897CD02004986E3 /* WeatherForecastDayDataModel.swift in Sources */ = {isa = PBXBuildFile; fileRef = 71C79EB72897CD02004986E3 /* WeatherForecastDayDataModel.swift */; };
		71C79EB92897CD02004986E3 /* WeatherForecastDayDataModel.swift in Sources */ = {isa = PBXBuildFile; fileRef = 71C79EB72897CD02004986E3 /* WeatherForecastDayDataModel.swift */; };
		71C79EBB2897CDB2004986E3 /* CurrentDayWeatherDataModel.swift in Sources */ = {isa = PBXBuildFile; fileRef = 71C79EBA2897CDB2004986E3 /* CurrentDayWeatherDataModel.swift */; };
		71C79EBE2897CDCB004986E3 /* WeatherAstroDataModel.swift in Sources */ = {isa = PBXBuildFile; fileRef = 71C79EBD2897CDCB004986E3 /* WeatherAstroDataModel.swift */; };
		71C79EBF2897CDCB004986E3 /* WeatherAstroDataModel.swift in Sources */ = {isa = PBXBuildFile; fileRef = 71C79EBD2897CDCB004986E3 /* WeatherAstroDataModel.swift */; };
		71C79EC12897CE38004986E3 /* WeatherHourlyDataModel.swift in Sources */ = {isa = PBXBuildFile; fileRef = 71C79EC02897CE38004986E3 /* WeatherHourlyDataModel.swift */; };
		71CBFF6D2899010A00143EF6 /* SunAndMoonState.swift in Sources */ = {isa = PBXBuildFile; fileRef = 71CBFF6C2899010A00143EF6 /* SunAndMoonState.swift */; };
		71CBFF7028990CFB00143EF6 /* CustomImage.swift in Sources */ = {isa = PBXBuildFile; fileRef = 71CBFF6F28990CFB00143EF6 /* CustomImage.swift */; };
		71CBFF732899158100143EF6 /* DateUtils.swift in Sources */ = {isa = PBXBuildFile; fileRef = 71CBFF722899158100143EF6 /* DateUtils.swift */; };
		71CBFF742899158100143EF6 /* DateUtils.swift in Sources */ = {isa = PBXBuildFile; fileRef = 71CBFF722899158100143EF6 /* DateUtils.swift */; };
		71D3B73E2898D35A00969292 /* Lottie in Frameworks */ = {isa = PBXBuildFile; productRef = 71D3B73D2898D35A00969292 /* Lottie */; };
		71D3B7412898D37E00969292 /* Constants.swift in Sources */ = {isa = PBXBuildFile; fileRef = 71D3B7402898D37E00969292 /* Constants.swift */; };
		71D3B7422898D37E00969292 /* Constants.swift in Sources */ = {isa = PBXBuildFile; fileRef = 71D3B7402898D37E00969292 /* Constants.swift */; };
		71E525F7289C3C9E0079A1EE /* DoubleUtils.swift in Sources */ = {isa = PBXBuildFile; fileRef = 71E525F6289C3C9E0079A1EE /* DoubleUtils.swift */; };
		71E525F8289C3C9E0079A1EE /* DoubleUtils.swift in Sources */ = {isa = PBXBuildFile; fileRef = 71E525F6289C3C9E0079A1EE /* DoubleUtils.swift */; };
		71E525FA289C41D90079A1EE /* CircularProgressView.swift in Sources */ = {isa = PBXBuildFile; fileRef = 71E525F9289C41D90079A1EE /* CircularProgressView.swift */; };
		71E525FB289C41D90079A1EE /* CircularProgressView.swift in Sources */ = {isa = PBXBuildFile; fileRef = 71E525F9289C41D90079A1EE /* CircularProgressView.swift */; };
		71ECD77928A2D72800EBBC72 /* HourlyWeatherConditionsRowView.swift in Sources */ = {isa = PBXBuildFile; fileRef = 71ECD77828A2D72800EBBC72 /* HourlyWeatherConditionsRowView.swift */; };
		71ECD77A28A2D72800EBBC72 /* HourlyWeatherConditionsRowView.swift in Sources */ = {isa = PBXBuildFile; fileRef = 71ECD77828A2D72800EBBC72 /* HourlyWeatherConditionsRowView.swift */; };
/* End PBXBuildFile section */

/* Begin PBXContainerItemProxy section */
		712C28BD2890E5E5002AD4CF /* PBXContainerItemProxy */ = {
			isa = PBXContainerItemProxy;
			containerPortal = 712C28A32890E5E2002AD4CF /* Project object */;
			proxyType = 1;
			remoteGlobalIDString = 712C28AE2890E5E5002AD4CF;
			remoteInfo = "SwiftUIWeather (iOS)";
		};
		712C28C92890E5E5002AD4CF /* PBXContainerItemProxy */ = {
			isa = PBXContainerItemProxy;
			containerPortal = 712C28A32890E5E2002AD4CF /* Project object */;
			proxyType = 1;
			remoteGlobalIDString = 712C28B42890E5E5002AD4CF;
			remoteInfo = "SwiftUIWeather (macOS)";
		};
/* End PBXContainerItemProxy section */

/* Begin PBXFileReference section */
		7103AA7728B878E10021EB8B /* NotificationHelper.swift */ = {isa = PBXFileReference; lastKnownFileType = sourcecode.swift; path = NotificationHelper.swift; sourceTree = "<group>"; };
		7103AA7B28B879230021EB8B /* NotificationDataModel.swift */ = {isa = PBXFileReference; lastKnownFileType = sourcecode.swift; path = NotificationDataModel.swift; sourceTree = "<group>"; };
		71079361289A427B00FC2699 /* ActivityIndicatorView.swift */ = {isa = PBXFileReference; lastKnownFileType = sourcecode.swift; path = ActivityIndicatorView.swift; sourceTree = "<group>"; };
		71079364289A5E7300FC2699 /* Extensions.swift */ = {isa = PBXFileReference; lastKnownFileType = sourcecode.swift; path = Extensions.swift; sourceTree = "<group>"; };
		7109B073289A8C4F00408E49 /* CurrentTemperatureRowView.swift */ = {isa = PBXFileReference; lastKnownFileType = sourcecode.swift; path = CurrentTemperatureRowView.swift; sourceTree = "<group>"; };
		711013A828A35AFD0010272C /* SunAndMoonRowView.swift */ = {isa = PBXFileReference; lastKnownFileType = sourcecode.swift; path = SunAndMoonRowView.swift; sourceTree = "<group>"; };
		711013AC28A35D3D0010272C /* SunAndMoonStateRowView.swift */ = {isa = PBXFileReference; lastKnownFileType = sourcecode.swift; path = SunAndMoonStateRowView.swift; sourceTree = "<group>"; };
		711901A8289107E300E868E9 /* TodayContentView.swift */ = {isa = PBXFileReference; lastKnownFileType = sourcecode.swift; path = TodayContentView.swift; sourceTree = "<group>"; };
		711901AD2891125B00E868E9 /* TomorrowContentView.swift */ = {isa = PBXFileReference; lastKnownFileType = sourcecode.swift; path = TomorrowContentView.swift; sourceTree = "<group>"; };
		711901B02891149000E868E9 /* NextDaysContentView.swift */ = {isa = PBXFileReference; lastKnownFileType = sourcecode.swift; path = NextDaysContentView.swift; sourceTree = "<group>"; };
		711BB7C828B1631000B7BA2E /* UserDefaultsUtils.swift */ = {isa = PBXFileReference; lastKnownFileType = sourcecode.swift; path = UserDefaultsUtils.swift; sourceTree = "<group>"; };
		711BB7CC28B1637200B7BA2E /* ObjectSaveable.swift */ = {isa = PBXFileReference; lastKnownFileType = sourcecode.swift; path = ObjectSaveable.swift; sourceTree = "<group>"; };
		711BB7D028B163C600B7BA2E /* ObjectSaveableError.swift */ = {isa = PBXFileReference; lastKnownFileType = sourcecode.swift; path = ObjectSaveableError.swift; sourceTree = "<group>"; };
		711BB7D328B16A7600B7BA2E /* CenterModifier.swift */ = {isa = PBXFileReference; lastKnownFileType = sourcecode.swift; path = CenterModifier.swift; sourceTree = "<group>"; };
		711BB7D728B16B5600B7BA2E /* WeatherRefreshControl.swift */ = {isa = PBXFileReference; lastKnownFileType = sourcecode.swift; path = WeatherRefreshControl.swift; sourceTree = "<group>"; };
		712105F3289B793C003089D5 /* DotView.swift */ = {isa = PBXFileReference; lastKnownFileType = sourcecode.swift; path = DotView.swift; sourceTree = "<group>"; };
		7125F75228939C8500F72D6F /* WeatherConditionDataModel.swift */ = {isa = PBXFileReference; lastKnownFileType = sourcecode.swift; path = WeatherConditionDataModel.swift; sourceTree = "<group>"; };
		7125F75528939C9E00F72D6F /* WeatherAirQualityDataModel.swift */ = {isa = PBXFileReference; lastKnownFileType = sourcecode.swift; path = WeatherAirQualityDataModel.swift; sourceTree = "<group>"; };
		7125F75928939D9B00F72D6F /* CustomColor.swift */ = {isa = PBXFileReference; lastKnownFileType = sourcecode.swift; path = CustomColor.swift; sourceTree = "<group>"; };
		712AB5AC28993EC3003883F8 /* CalendarRowView.swift */ = {isa = PBXFileReference; lastKnownFileType = sourcecode.swift; path = CalendarRowView.swift; sourceTree = "<group>"; };
		712AB5AF28994427003883F8 /* LottieView.swift */ = {isa = PBXFileReference; lastKnownFileType = sourcecode.swift; path = LottieView.swift; sourceTree = "<group>"; };
		712C28A82890E5E2002AD4CF /* SwiftUIWeatherApp.swift */ = {isa = PBXFileReference; lastKnownFileType = sourcecode.swift; path = SwiftUIWeatherApp.swift; sourceTree = "<group>"; };
		712C28A92890E5E2002AD4CF /* WeatherMainContentView.swift */ = {isa = PBXFileReference; lastKnownFileType = sourcecode.swift; path = WeatherMainContentView.swift; sourceTree = "<group>"; };
		712C28AA2890E5E5002AD4CF /* Assets.xcassets */ = {isa = PBXFileReference; lastKnownFileType = folder.assetcatalog; path = Assets.xcassets; sourceTree = "<group>"; };
		712C28AF2890E5E5002AD4CF /* SwiftUI Weather.app */ = {isa = PBXFileReference; explicitFileType = wrapper.application; includeInIndex = 0; path = "SwiftUI Weather.app"; sourceTree = BUILT_PRODUCTS_DIR; };
		712C28B52890E5E5002AD4CF /* SwiftUIWeather.app */ = {isa = PBXFileReference; explicitFileType = wrapper.application; includeInIndex = 0; path = SwiftUIWeather.app; sourceTree = BUILT_PRODUCTS_DIR; };
		712C28B72890E5E5002AD4CF /* macOS.entitlements */ = {isa = PBXFileReference; lastKnownFileType = text.plist.entitlements; path = macOS.entitlements; sourceTree = "<group>"; };
		712C28BC2890E5E5002AD4CF /* Tests iOS.xctest */ = {isa = PBXFileReference; explicitFileType = wrapper.cfbundle; includeInIndex = 0; path = "Tests iOS.xctest"; sourceTree = BUILT_PRODUCTS_DIR; };
		712C28C02890E5E5002AD4CF /* Tests_iOS.swift */ = {isa = PBXFileReference; lastKnownFileType = sourcecode.swift; path = Tests_iOS.swift; sourceTree = "<group>"; };
		712C28C22890E5E5002AD4CF /* Tests_iOSLaunchTests.swift */ = {isa = PBXFileReference; lastKnownFileType = sourcecode.swift; path = Tests_iOSLaunchTests.swift; sourceTree = "<group>"; };
		712C28C82890E5E5002AD4CF /* Tests macOS.xctest */ = {isa = PBXFileReference; explicitFileType = wrapper.cfbundle; includeInIndex = 0; path = "Tests macOS.xctest"; sourceTree = BUILT_PRODUCTS_DIR; };
		712C28CC2890E5E5002AD4CF /* Tests_macOS.swift */ = {isa = PBXFileReference; lastKnownFileType = sourcecode.swift; path = Tests_macOS.swift; sourceTree = "<group>"; };
		712C28CE2890E5E5002AD4CF /* Tests_macOSLaunchTests.swift */ = {isa = PBXFileReference; lastKnownFileType = sourcecode.swift; path = Tests_macOSLaunchTests.swift; sourceTree = "<group>"; };
		712C28E62890E976002AD4CF /* WeatherNavigationScreen.swift */ = {isa = PBXFileReference; lastKnownFileType = sourcecode.swift; path = WeatherNavigationScreen.swift; sourceTree = "<group>"; };
		712C28E92890EAC8002AD4CF /* Localizable.strings */ = {isa = PBXFileReference; lastKnownFileType = text.plist.strings; path = Localizable.strings; sourceTree = "<group>"; };
		712C28EE2890EBCC002AD4CF /* StringUtils.swift */ = {isa = PBXFileReference; lastKnownFileType = sourcecode.swift; path = StringUtils.swift; sourceTree = "<group>"; };
		712FAE8E28AFFF86003E575E /* TemperatureUnitType.swift */ = {isa = PBXFileReference; lastKnownFileType = sourcecode.swift; path = TemperatureUnitType.swift; sourceTree = "<group>"; };
		712FAE9228B0003A003E575E /* SettingsStore.swift */ = {isa = PBXFileReference; lastKnownFileType = sourcecode.swift; path = SettingsStore.swift; sourceTree = "<group>"; };
		7130905428A78ACA007C47BF /* ForecaseDayWeatherView.swift */ = {isa = PBXFileReference; lastKnownFileType = sourcecode.swift; path = ForecaseDayWeatherView.swift; sourceTree = "<group>"; };
		7131BDBF2899216700803B2A /* LocationModel.swift */ = {isa = PBXFileReference; lastKnownFileType = sourcecode.swift; path = LocationModel.swift; sourceTree = "<group>"; };
		7137839E28928AE0006FFC87 /* WeatherViewModel.swift */ = {isa = PBXFileReference; lastKnownFileType = sourcecode.swift; path = WeatherViewModel.swift; sourceTree = "<group>"; };
		713783A228928C2F006FFC87 /* AddressDataModel.swift */ = {isa = PBXFileReference; lastKnownFileType = sourcecode.swift; path = AddressDataModel.swift; sourceTree = "<group>"; };
		713783A828928D85006FFC87 /* RequestManager.swift */ = {isa = PBXFileReference; lastKnownFileType = sourcecode.swift; path = RequestManager.swift; sourceTree = "<group>"; };
		713783AB28928DBD006FFC87 /* RQ_WeatherForecastManager.swift */ = {isa = PBXFileReference; lastKnownFileType = sourcecode.swift; path = RQ_WeatherForecastManager.swift; sourceTree = "<group>"; };
		713783AE28928EB0006FFC87 /* ApiConstants.swift */ = {isa = PBXFileReference; lastKnownFileType = sourcecode.swift; path = ApiConstants.swift; sourceTree = "<group>"; };
		713783B228929258006FFC87 /* WeatherResponseModel.swift */ = {isa = PBXFileReference; lastKnownFileType = sourcecode.swift; path = WeatherResponseModel.swift; sourceTree = "<group>"; };
		713783B5289292D9006FFC87 /* WeatherLocationDataModel.swift */ = {isa = PBXFileReference; lastKnownFileType = sourcecode.swift; path = WeatherLocationDataModel.swift; sourceTree = "<group>"; };
		713783B8289292F8006FFC87 /* CurrentWeatherDataModel.swift */ = {isa = PBXFileReference; lastKnownFileType = sourcecode.swift; path = CurrentWeatherDataModel.swift; sourceTree = "<group>"; };
		713783BB28929316006FFC87 /* WeatherForecastDataModel.swift */ = {isa = PBXFileReference; lastKnownFileType = sourcecode.swift; path = WeatherForecastDataModel.swift; sourceTree = "<group>"; };
		713783BF28929446006FFC87 /* ErrorModel.swift */ = {isa = PBXFileReference; lastKnownFileType = sourcecode.swift; path = ErrorModel.swift; sourceTree = "<group>"; };
		713D7080289A1E3300D5B80C /* LocationModelProtocol.swift */ = {isa = PBXFileReference; lastKnownFileType = sourcecode.swift; path = LocationModelProtocol.swift; sourceTree = "<group>"; };
		713D7084289A1ED800D5B80C /* WeatherMainContentView+Extensions.swift */ = {isa = PBXFileReference; lastKnownFileType = sourcecode.swift; path = "WeatherMainContentView+Extensions.swift"; sourceTree = "<group>"; };
		7150324A289ED60D006A7CF9 /* VerticalProgressBar.swift */ = {isa = PBXFileReference; lastKnownFileType = sourcecode.swift; path = VerticalProgressBar.swift; sourceTree = "<group>"; };
		7150324D289EE0E8006A7CF9 /* HeaderView.swift */ = {isa = PBXFileReference; lastKnownFileType = sourcecode.swift; path = HeaderView.swift; sourceTree = "<group>"; };
		71503250289EE3EB006A7CF9 /* HourlyWeatherConditionRowView.swift */ = {isa = PBXFileReference; lastKnownFileType = sourcecode.swift; path = HourlyWeatherConditionRowView.swift; sourceTree = "<group>"; };
		715627F528ADE8540056909F /* RequestLocationView.swift */ = {isa = PBXFileReference; lastKnownFileType = sourcecode.swift; path = RequestLocationView.swift; sourceTree = "<group>"; };
		715627F828ADED6A0056909F /* NetworkErrorView.swift */ = {isa = PBXFileReference; lastKnownFileType = sourcecode.swift; path = NetworkErrorView.swift; sourceTree = "<group>"; };
		7160C6F428AF3DBA00F72FA8 /* SettingsView.swift */ = {isa = PBXFileReference; lastKnownFileType = sourcecode.swift; path = SettingsView.swift; sourceTree = "<group>"; };
		7160C6FA28AF3EA200F72FA8 /* WeatherSettings.swift */ = {isa = PBXFileReference; lastKnownFileType = sourcecode.swift; path = WeatherSettings.swift; sourceTree = "<group>"; };
		717485B428991C38001E239F /* no_internet_animation.json */ = {isa = PBXFileReference; fileEncoding = 4; lastKnownFileType = text.json; path = no_internet_animation.json; sourceTree = "<group>"; };
		717485B528991C38001E239F /* location_animation.json */ = {isa = PBXFileReference; fileEncoding = 4; lastKnownFileType = text.json; path = location_animation.json; sourceTree = "<group>"; };
		717485B628991C38001E239F /* sun_uv_animation.json */ = {isa = PBXFileReference; fileEncoding = 4; lastKnownFileType = text.json; path = sun_uv_animation.json; sourceTree = "<group>"; };
		717485B728991C38001E239F /* day_animation.json */ = {isa = PBXFileReference; fileEncoding = 4; lastKnownFileType = text.json; path = day_animation.json; sourceTree = "<group>"; };
		717485B828991C38001E239F /* wind_animation.json */ = {isa = PBXFileReference; fileEncoding = 4; lastKnownFileType = text.json; path = wind_animation.json; sourceTree = "<group>"; };
		717485B928991C38001E239F /* night_animation.json */ = {isa = PBXFileReference; fileEncoding = 4; lastKnownFileType = text.json; path = night_animation.json; sourceTree = "<group>"; };
		717485BA28991C38001E239F /* humidity_animation.json */ = {isa = PBXFileReference; fileEncoding = 4; lastKnownFileType = text.json; path = humidity_animation.json; sourceTree = "<group>"; };
		71C79EB72897CD02004986E3 /* WeatherForecastDayDataModel.swift */ = {isa = PBXFileReference; lastKnownFileType = sourcecode.swift; path = WeatherForecastDayDataModel.swift; sourceTree = "<group>"; };
		71C79EBA2897CDB2004986E3 /* CurrentDayWeatherDataModel.swift */ = {isa = PBXFileReference; lastKnownFileType = sourcecode.swift; path = CurrentDayWeatherDataModel.swift; sourceTree = "<group>"; };
		71C79EBD2897CDCB004986E3 /* WeatherAstroDataModel.swift */ = {isa = PBXFileReference; lastKnownFileType = sourcecode.swift; path = WeatherAstroDataModel.swift; sourceTree = "<group>"; };
		71C79EC02897CE38004986E3 /* WeatherHourlyDataModel.swift */ = {isa = PBXFileReference; lastKnownFileType = sourcecode.swift; path = WeatherHourlyDataModel.swift; sourceTree = "<group>"; };
		71CBFF6C2899010A00143EF6 /* SunAndMoonState.swift */ = {isa = PBXFileReference; lastKnownFileType = sourcecode.swift; path = SunAndMoonState.swift; sourceTree = "<group>"; };
		71CBFF6F28990CFB00143EF6 /* CustomImage.swift */ = {isa = PBXFileReference; lastKnownFileType = sourcecode.swift; path = CustomImage.swift; sourceTree = "<group>"; };
		71CBFF722899158100143EF6 /* DateUtils.swift */ = {isa = PBXFileReference; lastKnownFileType = sourcecode.swift; path = DateUtils.swift; sourceTree = "<group>"; };
		71D3B7402898D37E00969292 /* Constants.swift */ = {isa = PBXFileReference; lastKnownFileType = sourcecode.swift; path = Constants.swift; sourceTree = "<group>"; };
		71E525F6289C3C9E0079A1EE /* DoubleUtils.swift */ = {isa = PBXFileReference; lastKnownFileType = sourcecode.swift; path = DoubleUtils.swift; sourceTree = "<group>"; };
		71E525F9289C41D90079A1EE /* CircularProgressView.swift */ = {isa = PBXFileReference; lastKnownFileType = sourcecode.swift; path = CircularProgressView.swift; sourceTree = "<group>"; };
		71ECD77828A2D72800EBBC72 /* HourlyWeatherConditionsRowView.swift */ = {isa = PBXFileReference; lastKnownFileType = sourcecode.swift; path = HourlyWeatherConditionsRowView.swift; sourceTree = "<group>"; };
/* End PBXFileReference section */

/* Begin PBXFrameworksBuildPhase section */
		712C28AC2890E5E5002AD4CF /* Frameworks */ = {
			isa = PBXFrameworksBuildPhase;
			buildActionMask = 2147483647;
			files = (
				71D3B73E2898D35A00969292 /* Lottie in Frameworks */,
				7174859F28991AC0001E239F /* Alamofire in Frameworks */,
				712FAE9B28B0134D003E575E /* MapItemPicker in Frameworks */,
			);
			runOnlyForDeploymentPostprocessing = 0;
		};
		712C28B22890E5E5002AD4CF /* Frameworks */ = {
			isa = PBXFrameworksBuildPhase;
			buildActionMask = 2147483647;
			files = (
			);
			runOnlyForDeploymentPostprocessing = 0;
		};
		712C28B92890E5E5002AD4CF /* Frameworks */ = {
			isa = PBXFrameworksBuildPhase;
			buildActionMask = 2147483647;
			files = (
			);
			runOnlyForDeploymentPostprocessing = 0;
		};
		712C28C52890E5E5002AD4CF /* Frameworks */ = {
			isa = PBXFrameworksBuildPhase;
			buildActionMask = 2147483647;
			files = (
			);
			runOnlyForDeploymentPostprocessing = 0;
		};
/* End PBXFrameworksBuildPhase section */

/* Begin PBXGroup section */
		7103AA7A28B879190021EB8B /* Model */ = {
			isa = PBXGroup;
			children = (
				7103AA7B28B879230021EB8B /* NotificationDataModel.swift */,
			);
			path = Model;
			sourceTree = "<group>";
		};
		7107935F289A426500FC2699 /* SwiftUI */ = {
			isa = PBXGroup;
			children = (
				711013AB28A35D0C0010272C /* Rows */,
				71079360289A426B00FC2699 /* Views */,
			);
			path = SwiftUI;
			sourceTree = "<group>";
		};
		71079360289A426B00FC2699 /* Views */ = {
			isa = PBXGroup;
			children = (
				71079361289A427B00FC2699 /* ActivityIndicatorView.swift */,
				712105F3289B793C003089D5 /* DotView.swift */,
				71E525F9289C41D90079A1EE /* CircularProgressView.swift */,
				7150324A289ED60D006A7CF9 /* VerticalProgressBar.swift */,
				711BB7D328B16A7600B7BA2E /* CenterModifier.swift */,
			);
			path = Views;
			sourceTree = "<group>";
		};
		711013AB28A35D0C0010272C /* Rows */ = {
			isa = PBXGroup;
			children = (
				7150324D289EE0E8006A7CF9 /* HeaderView.swift */,
				71503250289EE3EB006A7CF9 /* HourlyWeatherConditionRowView.swift */,
				711013AC28A35D3D0010272C /* SunAndMoonStateRowView.swift */,
			);
			path = Rows;
			sourceTree = "<group>";
		};
		711BB7CB28B1636400B7BA2E /* Protocol */ = {
			isa = PBXGroup;
			children = (
				711BB7CC28B1637200B7BA2E /* ObjectSaveable.swift */,
			);
			path = Protocol;
			sourceTree = "<group>";
		};
		711BB7CF28B163A100B7BA2E /* Enumerations */ = {
			isa = PBXGroup;
			children = (
				711BB7D028B163C600B7BA2E /* ObjectSaveableError.swift */,
			);
			path = Enumerations;
			sourceTree = "<group>";
		};
		711BB7D628B16B3200B7BA2E /* Protocol */ = {
			isa = PBXGroup;
			children = (
				711BB7D728B16B5600B7BA2E /* WeatherRefreshControl.swift */,
			);
			path = Protocol;
			sourceTree = "<group>";
		};
		712AB5AB28993E68003883F8 /* Rows */ = {
			isa = PBXGroup;
			children = (
				712AB5AC28993EC3003883F8 /* CalendarRowView.swift */,
				7109B073289A8C4F00408E49 /* CurrentTemperatureRowView.swift */,
				71ECD77828A2D72800EBBC72 /* HourlyWeatherConditionsRowView.swift */,
				711013A828A35AFD0010272C /* SunAndMoonRowView.swift */,
				7130905428A78ACA007C47BF /* ForecaseDayWeatherView.swift */,
				715627F528ADE8540056909F /* RequestLocationView.swift */,
				715627F828ADED6A0056909F /* NetworkErrorView.swift */,
			);
			path = Rows;
			sourceTree = "<group>";
		};
		712C28A22890E5E2002AD4CF = {
			isa = PBXGroup;
			children = (
				712C28A72890E5E2002AD4CF /* Shared */,
				712C28B62890E5E5002AD4CF /* macOS */,
				712C28BF2890E5E5002AD4CF /* Tests iOS */,
				712C28CB2890E5E5002AD4CF /* Tests macOS */,
				712C28B02890E5E5002AD4CF /* Products */,
			);
			sourceTree = "<group>";
		};
		712C28A72890E5E2002AD4CF /* Shared */ = {
			isa = PBXGroup;
			children = (
				7107935F289A426500FC2699 /* SwiftUI */,
				713783A528928D4F006FFC87 /* Network */,
				713783A128928BE0006FFC87 /* MapAddressPicker */,
				712C28EB2890EBB1002AD4CF /* Utils */,
				712C28E82890EAB0002AD4CF /* Resources */,
				712C28E42890E951002AD4CF /* Weather */,
				712C28A82890E5E2002AD4CF /* SwiftUIWeatherApp.swift */,
				712C28AA2890E5E5002AD4CF /* Assets.xcassets */,
			);
			path = Shared;
			sourceTree = "<group>";
		};
		712C28B02890E5E5002AD4CF /* Products */ = {
			isa = PBXGroup;
			children = (
				712C28AF2890E5E5002AD4CF /* SwiftUI Weather.app */,
				712C28B52890E5E5002AD4CF /* SwiftUIWeather.app */,
				712C28BC2890E5E5002AD4CF /* Tests iOS.xctest */,
				712C28C82890E5E5002AD4CF /* Tests macOS.xctest */,
			);
			name = Products;
			sourceTree = "<group>";
		};
		712C28B62890E5E5002AD4CF /* macOS */ = {
			isa = PBXGroup;
			children = (
				712C28B72890E5E5002AD4CF /* macOS.entitlements */,
			);
			path = macOS;
			sourceTree = "<group>";
		};
		712C28BF2890E5E5002AD4CF /* Tests iOS */ = {
			isa = PBXGroup;
			children = (
				712C28C02890E5E5002AD4CF /* Tests_iOS.swift */,
				712C28C22890E5E5002AD4CF /* Tests_iOSLaunchTests.swift */,
			);
			path = "Tests iOS";
			sourceTree = "<group>";
		};
		712C28CB2890E5E5002AD4CF /* Tests macOS */ = {
			isa = PBXGroup;
			children = (
				712C28CC2890E5E5002AD4CF /* Tests_macOS.swift */,
				712C28CE2890E5E5002AD4CF /* Tests_macOSLaunchTests.swift */,
			);
			path = "Tests macOS";
			sourceTree = "<group>";
		};
		712C28E42890E951002AD4CF /* Weather */ = {
			isa = PBXGroup;
			children = (
				711BB7D628B16B3200B7BA2E /* Protocol */,
				712FAE9128B0002F003E575E /* Store */,
				713D7083289A1EC700D5B80C /* Extensions */,
				712AB5AB28993E68003883F8 /* Rows */,
				71CBFF6B289900E800143EF6 /* Enumerations */,
				7137839D28928A69006FFC87 /* ViewModel */,
				712C28E52890E959002AD4CF /* tabView */,
				712C28A92890E5E2002AD4CF /* WeatherMainContentView.swift */,
				711901A8289107E300E868E9 /* TodayContentView.swift */,
				711901AD2891125B00E868E9 /* TomorrowContentView.swift */,
				711901B02891149000E868E9 /* NextDaysContentView.swift */,
				7160C6F428AF3DBA00F72FA8 /* SettingsView.swift */,
			);
			path = Weather;
			sourceTree = "<group>";
		};
		712C28E52890E959002AD4CF /* tabView */ = {
			isa = PBXGroup;
			children = (
				712C28E62890E976002AD4CF /* WeatherNavigationScreen.swift */,
			);
			path = tabView;
			sourceTree = "<group>";
		};
		712C28E82890EAB0002AD4CF /* Resources */ = {
			isa = PBXGroup;
			children = (
				71CBFF552899006300143EF6 /* LottieAnimations */,
				712C28E92890EAC8002AD4CF /* Localizable.strings */,
			);
			path = Resources;
			sourceTree = "<group>";
		};
		712C28EB2890EBB1002AD4CF /* Utils */ = {
			isa = PBXGroup;
			children = (
				7103AA7A28B879190021EB8B /* Model */,
				711BB7CF28B163A100B7BA2E /* Enumerations */,
				711BB7CB28B1636400B7BA2E /* Protocol */,
				7131BDBD2899215500803B2A /* Helpers */,
				71D3B73F2898D36E00969292 /* Constants */,
				712C28EC2890EBB7002AD4CF /* Extensions */,
				7125F75928939D9B00F72D6F /* CustomColor.swift */,
				71CBFF6F28990CFB00143EF6 /* CustomImage.swift */,
			);
			path = Utils;
			sourceTree = "<group>";
		};
		712C28EC2890EBB7002AD4CF /* Extensions */ = {
			isa = PBXGroup;
			children = (
				712C28EE2890EBCC002AD4CF /* StringUtils.swift */,
				71CBFF722899158100143EF6 /* DateUtils.swift */,
				71079364289A5E7300FC2699 /* Extensions.swift */,
				71E525F6289C3C9E0079A1EE /* DoubleUtils.swift */,
				711BB7C828B1631000B7BA2E /* UserDefaultsUtils.swift */,
			);
			path = Extensions;
			sourceTree = "<group>";
		};
		712FAE9128B0002F003E575E /* Store */ = {
			isa = PBXGroup;
			children = (
				712FAE9228B0003A003E575E /* SettingsStore.swift */,
			);
			path = Store;
			sourceTree = "<group>";
		};
		7131BDBD2899215500803B2A /* Helpers */ = {
			isa = PBXGroup;
			children = (
				713D707F289A1E1900D5B80C /* Protocol */,
				7131BDBF2899216700803B2A /* LocationModel.swift */,
				712AB5AF28994427003883F8 /* LottieView.swift */,
				7103AA7728B878E10021EB8B /* NotificationHelper.swift */,
			);
			path = Helpers;
			sourceTree = "<group>";
		};
		7137839D28928A69006FFC87 /* ViewModel */ = {
			isa = PBXGroup;
			children = (
				7137839E28928AE0006FFC87 /* WeatherViewModel.swift */,
			);
			path = ViewModel;
			sourceTree = "<group>";
		};
		713783A128928BE0006FFC87 /* MapAddressPicker */ = {
			isa = PBXGroup;
			children = (
				713783A228928C2F006FFC87 /* AddressDataModel.swift */,
			);
			path = MapAddressPicker;
			sourceTree = "<group>";
		};
		713783A528928D4F006FFC87 /* Network */ = {
			isa = PBXGroup;
			children = (
				713783BE2892943B006FFC87 /* Model */,
				713783B128929244006FFC87 /* Response */,
				713783A728928D60006FFC87 /* Managers */,
				713783A628928D5A006FFC87 /* Constants */,
			);
			path = Network;
			sourceTree = "<group>";
		};
		713783A628928D5A006FFC87 /* Constants */ = {
			isa = PBXGroup;
			children = (
				713783AE28928EB0006FFC87 /* ApiConstants.swift */,
			);
			path = Constants;
			sourceTree = "<group>";
		};
		713783A728928D60006FFC87 /* Managers */ = {
			isa = PBXGroup;
			children = (
				713783A828928D85006FFC87 /* RequestManager.swift */,
				713783AB28928DBD006FFC87 /* RQ_WeatherForecastManager.swift */,
			);
			path = Managers;
			sourceTree = "<group>";
		};
		713783B128929244006FFC87 /* Response */ = {
			isa = PBXGroup;
			children = (
				713783B228929258006FFC87 /* WeatherResponseModel.swift */,
				713783B5289292D9006FFC87 /* WeatherLocationDataModel.swift */,
				713783B8289292F8006FFC87 /* CurrentWeatherDataModel.swift */,
				713783BB28929316006FFC87 /* WeatherForecastDataModel.swift */,
				7125F75228939C8500F72D6F /* WeatherConditionDataModel.swift */,
				7125F75528939C9E00F72D6F /* WeatherAirQualityDataModel.swift */,
				71C79EB72897CD02004986E3 /* WeatherForecastDayDataModel.swift */,
				71C79EBA2897CDB2004986E3 /* CurrentDayWeatherDataModel.swift */,
				71C79EBD2897CDCB004986E3 /* WeatherAstroDataModel.swift */,
				71C79EC02897CE38004986E3 /* WeatherHourlyDataModel.swift */,
			);
			path = Response;
			sourceTree = "<group>";
		};
		713783BE2892943B006FFC87 /* Model */ = {
			isa = PBXGroup;
			children = (
				713783BF28929446006FFC87 /* ErrorModel.swift */,
			);
			path = Model;
			sourceTree = "<group>";
		};
		713D707F289A1E1900D5B80C /* Protocol */ = {
			isa = PBXGroup;
			children = (
				713D7080289A1E3300D5B80C /* LocationModelProtocol.swift */,
			);
			path = Protocol;
			sourceTree = "<group>";
		};
		713D7083289A1EC700D5B80C /* Extensions */ = {
			isa = PBXGroup;
			children = (
				713D7084289A1ED800D5B80C /* WeatherMainContentView+Extensions.swift */,
			);
			path = Extensions;
			sourceTree = "<group>";
		};
		71CBFF552899006300143EF6 /* LottieAnimations */ = {
			isa = PBXGroup;
			children = (
				717485B728991C38001E239F /* day_animation.json */,
				717485BA28991C38001E239F /* humidity_animation.json */,
				717485B528991C38001E239F /* location_animation.json */,
				717485B928991C38001E239F /* night_animation.json */,
				717485B428991C38001E239F /* no_internet_animation.json */,
				717485B628991C38001E239F /* sun_uv_animation.json */,
				717485B828991C38001E239F /* wind_animation.json */,
			);
			path = LottieAnimations;
			sourceTree = "<group>";
		};
		71CBFF6B289900E800143EF6 /* Enumerations */ = {
			isa = PBXGroup;
			children = (
				71CBFF6C2899010A00143EF6 /* SunAndMoonState.swift */,
				7160C6FA28AF3EA200F72FA8 /* WeatherSettings.swift */,
				712FAE8E28AFFF86003E575E /* TemperatureUnitType.swift */,
			);
			path = Enumerations;
			sourceTree = "<group>";
		};
		71D3B73F2898D36E00969292 /* Constants */ = {
			isa = PBXGroup;
			children = (
				71D3B7402898D37E00969292 /* Constants.swift */,
			);
			path = Constants;
			sourceTree = "<group>";
		};
/* End PBXGroup section */

/* Begin PBXNativeTarget section */
		712C28AE2890E5E5002AD4CF /* SwiftUIWeather (iOS) */ = {
			isa = PBXNativeTarget;
			buildConfigurationList = 712C28D82890E5E5002AD4CF /* Build configuration list for PBXNativeTarget "SwiftUIWeather (iOS)" */;
			buildPhases = (
				712C28AB2890E5E5002AD4CF /* Sources */,
				712C28AC2890E5E5002AD4CF /* Frameworks */,
				712C28AD2890E5E5002AD4CF /* Resources */,
			);
			buildRules = (
			);
			dependencies = (
			);
			name = "SwiftUIWeather (iOS)";
			packageProductDependencies = (
				71D3B73D2898D35A00969292 /* Lottie */,
				7174859E28991AC0001E239F /* Alamofire */,
				712FAE9A28B0134D003E575E /* MapItemPicker */,
			);
			productName = "SwiftUIWeather (iOS)";
			productReference = 712C28AF2890E5E5002AD4CF /* SwiftUI Weather.app */;
			productType = "com.apple.product-type.application";
		};
		712C28B42890E5E5002AD4CF /* SwiftUIWeather (macOS) */ = {
			isa = PBXNativeTarget;
			buildConfigurationList = 712C28DB2890E5E5002AD4CF /* Build configuration list for PBXNativeTarget "SwiftUIWeather (macOS)" */;
			buildPhases = (
				712C28B12890E5E5002AD4CF /* Sources */,
				712C28B22890E5E5002AD4CF /* Frameworks */,
				712C28B32890E5E5002AD4CF /* Resources */,
			);
			buildRules = (
			);
			dependencies = (
			);
			name = "SwiftUIWeather (macOS)";
			productName = "SwiftUIWeather (macOS)";
			productReference = 712C28B52890E5E5002AD4CF /* SwiftUIWeather.app */;
			productType = "com.apple.product-type.application";
		};
		712C28BB2890E5E5002AD4CF /* Tests iOS */ = {
			isa = PBXNativeTarget;
			buildConfigurationList = 712C28DE2890E5E5002AD4CF /* Build configuration list for PBXNativeTarget "Tests iOS" */;
			buildPhases = (
				712C28B82890E5E5002AD4CF /* Sources */,
				712C28B92890E5E5002AD4CF /* Frameworks */,
				712C28BA2890E5E5002AD4CF /* Resources */,
			);
			buildRules = (
			);
			dependencies = (
				712C28BE2890E5E5002AD4CF /* PBXTargetDependency */,
			);
			name = "Tests iOS";
			productName = "Tests iOS";
			productReference = 712C28BC2890E5E5002AD4CF /* Tests iOS.xctest */;
			productType = "com.apple.product-type.bundle.ui-testing";
		};
		712C28C72890E5E5002AD4CF /* Tests macOS */ = {
			isa = PBXNativeTarget;
			buildConfigurationList = 712C28E12890E5E5002AD4CF /* Build configuration list for PBXNativeTarget "Tests macOS" */;
			buildPhases = (
				712C28C42890E5E5002AD4CF /* Sources */,
				712C28C52890E5E5002AD4CF /* Frameworks */,
				712C28C62890E5E5002AD4CF /* Resources */,
			);
			buildRules = (
			);
			dependencies = (
				712C28CA2890E5E5002AD4CF /* PBXTargetDependency */,
			);
			name = "Tests macOS";
			productName = "Tests macOS";
			productReference = 712C28C82890E5E5002AD4CF /* Tests macOS.xctest */;
			productType = "com.apple.product-type.bundle.ui-testing";
		};
/* End PBXNativeTarget section */

/* Begin PBXProject section */
		712C28A32890E5E2002AD4CF /* Project object */ = {
			isa = PBXProject;
			attributes = {
				BuildIndependentTargetsInParallel = 1;
				LastSwiftUpdateCheck = 1340;
				LastUpgradeCheck = 1340;
				TargetAttributes = {
					712C28AE2890E5E5002AD4CF = {
						CreatedOnToolsVersion = 13.4.1;
					};
					712C28B42890E5E5002AD4CF = {
						CreatedOnToolsVersion = 13.4.1;
					};
					712C28BB2890E5E5002AD4CF = {
						CreatedOnToolsVersion = 13.4.1;
						TestTargetID = 712C28AE2890E5E5002AD4CF;
					};
					712C28C72890E5E5002AD4CF = {
						CreatedOnToolsVersion = 13.4.1;
						TestTargetID = 712C28B42890E5E5002AD4CF;
					};
				};
			};
			buildConfigurationList = 712C28A62890E5E2002AD4CF /* Build configuration list for PBXProject "SwiftUIWeather" */;
			compatibilityVersion = "Xcode 13.0";
			developmentRegion = en;
			hasScannedForEncodings = 0;
			knownRegions = (
				en,
				Base,
			);
			mainGroup = 712C28A22890E5E2002AD4CF;
			packageReferences = (
				71D3B73C2898D35900969292 /* XCRemoteSwiftPackageReference "lottie-ios" */,
				7174859D28991AC0001E239F /* XCRemoteSwiftPackageReference "Alamofire" */,
				712FAE9928B0134D003E575E /* XCRemoteSwiftPackageReference "swiftui-map-item-picker" */,
			);
			productRefGroup = 712C28B02890E5E5002AD4CF /* Products */;
			projectDirPath = "";
			projectRoot = "";
			targets = (
				712C28AE2890E5E5002AD4CF /* SwiftUIWeather (iOS) */,
				712C28B42890E5E5002AD4CF /* SwiftUIWeather (macOS) */,
				712C28BB2890E5E5002AD4CF /* Tests iOS */,
				712C28C72890E5E5002AD4CF /* Tests macOS */,
			);
		};
/* End PBXProject section */

/* Begin PBXResourcesBuildPhase section */
		712C28AD2890E5E5002AD4CF /* Resources */ = {
			isa = PBXResourcesBuildPhase;
			buildActionMask = 2147483647;
			files = (
				717485BB28991C38001E239F /* no_internet_animation.json in Resources */,
				717485BD28991C38001E239F /* sun_uv_animation.json in Resources */,
				717485BF28991C38001E239F /* wind_animation.json in Resources */,
				712C28D42890E5E5002AD4CF /* Assets.xcassets in Resources */,
				712C28EA2890EAC8002AD4CF /* Localizable.strings in Resources */,
				717485C028991C38001E239F /* night_animation.json in Resources */,
				717485BC28991C38001E239F /* location_animation.json in Resources */,
				717485BE28991C38001E239F /* day_animation.json in Resources */,
				717485C128991C38001E239F /* humidity_animation.json in Resources */,
			);
			runOnlyForDeploymentPostprocessing = 0;
		};
		712C28B32890E5E5002AD4CF /* Resources */ = {
			isa = PBXResourcesBuildPhase;
			buildActionMask = 2147483647;
			files = (
				712C28D52890E5E5002AD4CF /* Assets.xcassets in Resources */,
				711901AC28910E3200E868E9 /* Localizable.strings in Resources */,
			);
			runOnlyForDeploymentPostprocessing = 0;
		};
		712C28BA2890E5E5002AD4CF /* Resources */ = {
			isa = PBXResourcesBuildPhase;
			buildActionMask = 2147483647;
			files = (
			);
			runOnlyForDeploymentPostprocessing = 0;
		};
		712C28C62890E5E5002AD4CF /* Resources */ = {
			isa = PBXResourcesBuildPhase;
			buildActionMask = 2147483647;
			files = (
			);
			runOnlyForDeploymentPostprocessing = 0;
		};
/* End PBXResourcesBuildPhase section */

/* Begin PBXSourcesBuildPhase section */
		712C28AB2890E5E5002AD4CF /* Sources */ = {
			isa = PBXSourcesBuildPhase;
			buildActionMask = 2147483647;
			files = (
				71D3B7412898D37E00969292 /* Constants.swift in Sources */,
				713783C028929446006FFC87 /* ErrorModel.swift in Sources */,
				7103AA7C28B879230021EB8B /* NotificationDataModel.swift in Sources */,
				713783AF28928EB0006FFC87 /* ApiConstants.swift in Sources */,
				7125F75628939C9E00F72D6F /* WeatherAirQualityDataModel.swift in Sources */,
				7137839F28928AE0006FFC87 /* WeatherViewModel.swift in Sources */,
				713D7085289A1ED800D5B80C /* WeatherMainContentView+Extensions.swift in Sources */,
				712C28EF2890EBCC002AD4CF /* StringUtils.swift in Sources */,
				712C28D22890E5E5002AD4CF /* WeatherMainContentView.swift in Sources */,
				712C28E72890E976002AD4CF /* WeatherNavigationScreen.swift in Sources */,
				7125F75328939C8500F72D6F /* WeatherConditionDataModel.swift in Sources */,
				71CBFF6D2899010A00143EF6 /* SunAndMoonState.swift in Sources */,
				713783B6289292D9006FFC87 /* WeatherLocationDataModel.swift in Sources */,
				71C79EBB2897CDB2004986E3 /* CurrentDayWeatherDataModel.swift in Sources */,
				713783B9289292F8006FFC87 /* CurrentWeatherDataModel.swift in Sources */,
				7160C6F528AF3DBA00F72FA8 /* SettingsView.swift in Sources */,
				71E525F7289C3C9E0079A1EE /* DoubleUtils.swift in Sources */,
				7131BDC02899216700803B2A /* LocationModel.swift in Sources */,
				715627F928ADED6A0056909F /* NetworkErrorView.swift in Sources */,
				71C79EBE2897CDCB004986E3 /* WeatherAstroDataModel.swift in Sources */,
				711901A9289107E300E868E9 /* TodayContentView.swift in Sources */,
				712FAE9328B0003A003E575E /* SettingsStore.swift in Sources */,
				71ECD77928A2D72800EBBC72 /* HourlyWeatherConditionsRowView.swift in Sources */,
				71503251289EE3EB006A7CF9 /* HourlyWeatherConditionRowView.swift in Sources */,
				71C79EC12897CE38004986E3 /* WeatherHourlyDataModel.swift in Sources */,
				712AB5B028994427003883F8 /* LottieView.swift in Sources */,
				715627F628ADE8540056909F /* RequestLocationView.swift in Sources */,
				713D7081289A1E3300D5B80C /* LocationModelProtocol.swift in Sources */,
				711013A928A35AFD0010272C /* SunAndMoonRowView.swift in Sources */,
				71079365289A5E7300FC2699 /* Extensions.swift in Sources */,
				712FAE8F28AFFF86003E575E /* TemperatureUnitType.swift in Sources */,
				713783A928928D85006FFC87 /* RequestManager.swift in Sources */,
				711BB7D428B16A7600B7BA2E /* CenterModifier.swift in Sources */,
				71CBFF7028990CFB00143EF6 /* CustomImage.swift in Sources */,
				711901B12891149000E868E9 /* NextDaysContentView.swift in Sources */,
				711BB7D128B163C600B7BA2E /* ObjectSaveableError.swift in Sources */,
				711BB7CD28B1637200B7BA2E /* ObjectSaveable.swift in Sources */,
				712AB5AD28993EC3003883F8 /* CalendarRowView.swift in Sources */,
				711BB7D828B16B5600B7BA2E /* WeatherRefreshControl.swift in Sources */,
				713783A328928C2F006FFC87 /* AddressDataModel.swift in Sources */,
				711013AD28A35D3D0010272C /* SunAndMoonStateRowView.swift in Sources */,
				713783BC28929316006FFC87 /* WeatherForecastDataModel.swift in Sources */,
				712C28D02890E5E5002AD4CF /* SwiftUIWeatherApp.swift in Sources */,
				71C79EB82897CD02004986E3 /* WeatherForecastDayDataModel.swift in Sources */,
				711BB7C928B1631000B7BA2E /* UserDefaultsUtils.swift in Sources */,
				7160C6FB28AF3EA200F72FA8 /* WeatherSettings.swift in Sources */,
				711901AE2891125B00E868E9 /* TomorrowContentView.swift in Sources */,
				7103AA7828B878E10021EB8B /* NotificationHelper.swift in Sources */,
				7109B074289A8C4F00408E49 /* CurrentTemperatureRowView.swift in Sources */,
				7150324B289ED60D006A7CF9 /* VerticalProgressBar.swift in Sources */,
				7150324E289EE0E8006A7CF9 /* HeaderView.swift in Sources */,
				713783AC28928DBD006FFC87 /* RQ_WeatherForecastManager.swift in Sources */,
				71CBFF732899158100143EF6 /* DateUtils.swift in Sources */,
				7130905528A78ACA007C47BF /* ForecaseDayWeatherView.swift in Sources */,
				7125F75A28939D9B00F72D6F /* CustomColor.swift in Sources */,
				712105F4289B793C003089D5 /* DotView.swift in Sources */,
				713783B328929258006FFC87 /* WeatherResponseModel.swift in Sources */,
				71E525FA289C41D90079A1EE /* CircularProgressView.swift in Sources */,
				71079362289A427B00FC2699 /* ActivityIndicatorView.swift in Sources */,
			);
			runOnlyForDeploymentPostprocessing = 0;
		};
		712C28B12890E5E5002AD4CF /* Sources */ = {
			isa = PBXSourcesBuildPhase;
			buildActionMask = 2147483647;
			files = (
				71D3B7422898D37E00969292 /* Constants.swift in Sources */,
				717485A228991B04001E239F /* CurrentWeatherDataModel.swift in Sources */,
				7103AA7D28B879230021EB8B /* NotificationDataModel.swift in Sources */,
				713783C128929446006FFC87 /* ErrorModel.swift in Sources */,
				713783B028928EB0006FFC87 /* ApiConstants.swift in Sources */,
				7125F75728939C9E00F72D6F /* WeatherAirQualityDataModel.swift in Sources */,
				713D7086289A1ED800D5B80C /* WeatherMainContentView+Extensions.swift in Sources */,
				713783A028928AE0006FFC87 /* WeatherViewModel.swift in Sources */,
				717485A328991B06001E239F /* CurrentDayWeatherDataModel.swift in Sources */,
				711901AA2891086800E868E9 /* TodayContentView.swift in Sources */,
				712C28D32890E5E5002AD4CF /* WeatherMainContentView.swift in Sources */,
				7125F75428939C8500F72D6F /* WeatherConditionDataModel.swift in Sources */,
				713783B7289292D9006FFC87 /* WeatherLocationDataModel.swift in Sources */,
				717485A028991AFF001E239F /* CustomImage.swift in Sources */,
				71C79EBF2897CDCB004986E3 /* WeatherAstroDataModel.swift in Sources */,
				7160C6F628AF3DBA00F72FA8 /* SettingsView.swift in Sources */,
				71E525F8289C3C9E0079A1EE /* DoubleUtils.swift in Sources */,
				7131BDC12899216700803B2A /* LocationModel.swift in Sources */,
				715627FA28ADED6A0056909F /* NetworkErrorView.swift in Sources */,
				712C28F02890ED76002AD4CF /* WeatherNavigationScreen.swift in Sources */,
				713783AA28928D85006FFC87 /* RequestManager.swift in Sources */,
				712FAE9428B0003A003E575E /* SettingsStore.swift in Sources */,
				71ECD77A28A2D72800EBBC72 /* HourlyWeatherConditionsRowView.swift in Sources */,
				71503252289EE3EB006A7CF9 /* HourlyWeatherConditionRowView.swift in Sources */,
				717485A128991B01001E239F /* WeatherHourlyDataModel.swift in Sources */,
				712AB5B128994427003883F8 /* LottieView.swift in Sources */,
				715627F728ADE8540056909F /* RequestLocationView.swift in Sources */,
				713D7082289A1E3300D5B80C /* LocationModelProtocol.swift in Sources */,
				711013AA28A35AFD0010272C /* SunAndMoonRowView.swift in Sources */,
				71079366289A5E7300FC2699 /* Extensions.swift in Sources */,
				712FAE9028AFFF86003E575E /* TemperatureUnitType.swift in Sources */,
				711901B22891149000E868E9 /* NextDaysContentView.swift in Sources */,
				711BB7D528B16A7600B7BA2E /* CenterModifier.swift in Sources */,
				713783A428928C2F006FFC87 /* AddressDataModel.swift in Sources */,
				713783BD28929316006FFC87 /* WeatherForecastDataModel.swift in Sources */,
				711BB7D228B163C600B7BA2E /* ObjectSaveableError.swift in Sources */,
				711BB7CE28B1637200B7BA2E /* ObjectSaveable.swift in Sources */,
				712AB5AE28993EC3003883F8 /* CalendarRowView.swift in Sources */,
				711BB7D928B16B5600B7BA2E /* WeatherRefreshControl.swift in Sources */,
				712C28D12890E5E5002AD4CF /* SwiftUIWeatherApp.swift in Sources */,
				711013AE28A35D3D0010272C /* SunAndMoonStateRowView.swift in Sources */,
				717485A528991B0C001E239F /* StringUtils.swift in Sources */,
				71C79EB92897CD02004986E3 /* WeatherForecastDayDataModel.swift in Sources */,
				711901AF2891125B00E868E9 /* TomorrowContentView.swift in Sources */,
				711BB7CA28B1631000B7BA2E /* UserDefaultsUtils.swift in Sources */,
				7160C6FC28AF3EA200F72FA8 /* WeatherSettings.swift in Sources */,
				717485A428991B09001E239F /* SunAndMoonState.swift in Sources */,
				7103AA7928B878E10021EB8B /* NotificationHelper.swift in Sources */,
				7109B075289A8C4F00408E49 /* CurrentTemperatureRowView.swift in Sources */,
				7150324C289ED60D006A7CF9 /* VerticalProgressBar.swift in Sources */,
				7150324F289EE0E8006A7CF9 /* HeaderView.swift in Sources */,
				713783AD28928DBD006FFC87 /* RQ_WeatherForecastManager.swift in Sources */,
				71CBFF742899158100143EF6 /* DateUtils.swift in Sources */,
				7130905628A78ACA007C47BF /* ForecaseDayWeatherView.swift in Sources */,
				7125F75B28939D9B00F72D6F /* CustomColor.swift in Sources */,
				712105F5289B793C003089D5 /* DotView.swift in Sources */,
				713783B428929258006FFC87 /* WeatherResponseModel.swift in Sources */,
				71E525FB289C41D90079A1EE /* CircularProgressView.swift in Sources */,
				71079363289A427B00FC2699 /* ActivityIndicatorView.swift in Sources */,
			);
			runOnlyForDeploymentPostprocessing = 0;
		};
		712C28B82890E5E5002AD4CF /* Sources */ = {
			isa = PBXSourcesBuildPhase;
			buildActionMask = 2147483647;
			files = (
				712C28C32890E5E5002AD4CF /* Tests_iOSLaunchTests.swift in Sources */,
				712C28C12890E5E5002AD4CF /* Tests_iOS.swift in Sources */,
			);
			runOnlyForDeploymentPostprocessing = 0;
		};
		712C28C42890E5E5002AD4CF /* Sources */ = {
			isa = PBXSourcesBuildPhase;
			buildActionMask = 2147483647;
			files = (
				712C28CF2890E5E5002AD4CF /* Tests_macOSLaunchTests.swift in Sources */,
				712C28CD2890E5E5002AD4CF /* Tests_macOS.swift in Sources */,
			);
			runOnlyForDeploymentPostprocessing = 0;
		};
/* End PBXSourcesBuildPhase section */

/* Begin PBXTargetDependency section */
		712C28BE2890E5E5002AD4CF /* PBXTargetDependency */ = {
			isa = PBXTargetDependency;
			target = 712C28AE2890E5E5002AD4CF /* SwiftUIWeather (iOS) */;
			targetProxy = 712C28BD2890E5E5002AD4CF /* PBXContainerItemProxy */;
		};
		712C28CA2890E5E5002AD4CF /* PBXTargetDependency */ = {
			isa = PBXTargetDependency;
			target = 712C28B42890E5E5002AD4CF /* SwiftUIWeather (macOS) */;
			targetProxy = 712C28C92890E5E5002AD4CF /* PBXContainerItemProxy */;
		};
/* End PBXTargetDependency section */

/* Begin XCBuildConfiguration section */
		712C28D62890E5E5002AD4CF /* Debug */ = {
			isa = XCBuildConfiguration;
			buildSettings = {
				ALWAYS_SEARCH_USER_PATHS = NO;
				ASSETCATALOG_COMPILER_GLOBAL_ACCENT_COLOR_NAME = AccentColor;
				CLANG_ANALYZER_NONNULL = YES;
				CLANG_ANALYZER_NUMBER_OBJECT_CONVERSION = YES_AGGRESSIVE;
				CLANG_CXX_LANGUAGE_STANDARD = "gnu++17";
				CLANG_ENABLE_MODULES = YES;
				CLANG_ENABLE_OBJC_ARC = YES;
				CLANG_ENABLE_OBJC_WEAK = YES;
				CLANG_WARN_BLOCK_CAPTURE_AUTORELEASING = YES;
				CLANG_WARN_BOOL_CONVERSION = YES;
				CLANG_WARN_COMMA = YES;
				CLANG_WARN_CONSTANT_CONVERSION = YES;
				CLANG_WARN_DEPRECATED_OBJC_IMPLEMENTATIONS = YES;
				CLANG_WARN_DIRECT_OBJC_ISA_USAGE = YES_ERROR;
				CLANG_WARN_DOCUMENTATION_COMMENTS = YES;
				CLANG_WARN_EMPTY_BODY = YES;
				CLANG_WARN_ENUM_CONVERSION = YES;
				CLANG_WARN_INFINITE_RECURSION = YES;
				CLANG_WARN_INT_CONVERSION = YES;
				CLANG_WARN_NON_LITERAL_NULL_CONVERSION = YES;
				CLANG_WARN_OBJC_IMPLICIT_RETAIN_SELF = YES;
				CLANG_WARN_OBJC_LITERAL_CONVERSION = YES;
				CLANG_WARN_OBJC_ROOT_CLASS = YES_ERROR;
				CLANG_WARN_QUOTED_INCLUDE_IN_FRAMEWORK_HEADER = YES;
				CLANG_WARN_RANGE_LOOP_ANALYSIS = YES;
				CLANG_WARN_STRICT_PROTOTYPES = YES;
				CLANG_WARN_SUSPICIOUS_MOVE = YES;
				CLANG_WARN_UNGUARDED_AVAILABILITY = YES_AGGRESSIVE;
				CLANG_WARN_UNREACHABLE_CODE = YES;
				CLANG_WARN__DUPLICATE_METHOD_MATCH = YES;
				COPY_PHASE_STRIP = NO;
				DEBUG_INFORMATION_FORMAT = dwarf;
				ENABLE_STRICT_OBJC_MSGSEND = YES;
				ENABLE_TESTABILITY = YES;
				GCC_C_LANGUAGE_STANDARD = gnu11;
				GCC_DYNAMIC_NO_PIC = NO;
				GCC_NO_COMMON_BLOCKS = YES;
				GCC_OPTIMIZATION_LEVEL = 0;
				GCC_PREPROCESSOR_DEFINITIONS = (
					"DEBUG=1",
					"$(inherited)",
				);
				GCC_WARN_64_TO_32_BIT_CONVERSION = YES;
				GCC_WARN_ABOUT_RETURN_TYPE = YES_ERROR;
				GCC_WARN_UNDECLARED_SELECTOR = YES;
				GCC_WARN_UNINITIALIZED_AUTOS = YES_AGGRESSIVE;
				GCC_WARN_UNUSED_FUNCTION = YES;
				GCC_WARN_UNUSED_VARIABLE = YES;
				MTL_ENABLE_DEBUG_INFO = INCLUDE_SOURCE;
				MTL_FAST_MATH = YES;
				ONLY_ACTIVE_ARCH = YES;
				SWIFT_ACTIVE_COMPILATION_CONDITIONS = DEBUG;
				SWIFT_OPTIMIZATION_LEVEL = "-Onone";
			};
			name = Debug;
		};
		712C28D72890E5E5002AD4CF /* Release */ = {
			isa = XCBuildConfiguration;
			buildSettings = {
				ALWAYS_SEARCH_USER_PATHS = NO;
				ASSETCATALOG_COMPILER_GLOBAL_ACCENT_COLOR_NAME = AccentColor;
				CLANG_ANALYZER_NONNULL = YES;
				CLANG_ANALYZER_NUMBER_OBJECT_CONVERSION = YES_AGGRESSIVE;
				CLANG_CXX_LANGUAGE_STANDARD = "gnu++17";
				CLANG_ENABLE_MODULES = YES;
				CLANG_ENABLE_OBJC_ARC = YES;
				CLANG_ENABLE_OBJC_WEAK = YES;
				CLANG_WARN_BLOCK_CAPTURE_AUTORELEASING = YES;
				CLANG_WARN_BOOL_CONVERSION = YES;
				CLANG_WARN_COMMA = YES;
				CLANG_WARN_CONSTANT_CONVERSION = YES;
				CLANG_WARN_DEPRECATED_OBJC_IMPLEMENTATIONS = YES;
				CLANG_WARN_DIRECT_OBJC_ISA_USAGE = YES_ERROR;
				CLANG_WARN_DOCUMENTATION_COMMENTS = YES;
				CLANG_WARN_EMPTY_BODY = YES;
				CLANG_WARN_ENUM_CONVERSION = YES;
				CLANG_WARN_INFINITE_RECURSION = YES;
				CLANG_WARN_INT_CONVERSION = YES;
				CLANG_WARN_NON_LITERAL_NULL_CONVERSION = YES;
				CLANG_WARN_OBJC_IMPLICIT_RETAIN_SELF = YES;
				CLANG_WARN_OBJC_LITERAL_CONVERSION = YES;
				CLANG_WARN_OBJC_ROOT_CLASS = YES_ERROR;
				CLANG_WARN_QUOTED_INCLUDE_IN_FRAMEWORK_HEADER = YES;
				CLANG_WARN_RANGE_LOOP_ANALYSIS = YES;
				CLANG_WARN_STRICT_PROTOTYPES = YES;
				CLANG_WARN_SUSPICIOUS_MOVE = YES;
				CLANG_WARN_UNGUARDED_AVAILABILITY = YES_AGGRESSIVE;
				CLANG_WARN_UNREACHABLE_CODE = YES;
				CLANG_WARN__DUPLICATE_METHOD_MATCH = YES;
				COPY_PHASE_STRIP = NO;
				DEBUG_INFORMATION_FORMAT = "dwarf-with-dsym";
				ENABLE_NS_ASSERTIONS = NO;
				ENABLE_STRICT_OBJC_MSGSEND = YES;
				GCC_C_LANGUAGE_STANDARD = gnu11;
				GCC_NO_COMMON_BLOCKS = YES;
				GCC_WARN_64_TO_32_BIT_CONVERSION = YES;
				GCC_WARN_ABOUT_RETURN_TYPE = YES_ERROR;
				GCC_WARN_UNDECLARED_SELECTOR = YES;
				GCC_WARN_UNINITIALIZED_AUTOS = YES_AGGRESSIVE;
				GCC_WARN_UNUSED_FUNCTION = YES;
				GCC_WARN_UNUSED_VARIABLE = YES;
				MTL_ENABLE_DEBUG_INFO = NO;
				MTL_FAST_MATH = YES;
				SWIFT_COMPILATION_MODE = wholemodule;
				SWIFT_OPTIMIZATION_LEVEL = "-O";
			};
			name = Release;
		};
		712C28D92890E5E5002AD4CF /* Debug */ = {
			isa = XCBuildConfiguration;
			buildSettings = {
				ASSETCATALOG_COMPILER_APPICON_NAME = AppIcon;
				ASSETCATALOG_COMPILER_GLOBAL_ACCENT_COLOR_NAME = AccentColor;
				CODE_SIGN_STYLE = Automatic;
				CURRENT_PROJECT_VERSION = 1;
				DEVELOPMENT_TEAM = YZSQH5GMY8;
				ENABLE_PREVIEWS = YES;
				GENERATE_INFOPLIST_FILE = YES;
				INFOPLIST_KEY_NSLocationWhenInUseUsageDescription = "SwiftUI Weather needs your location in order to diplay current weather";
				INFOPLIST_KEY_UIApplicationSceneManifest_Generation = YES;
				INFOPLIST_KEY_UIApplicationSupportsIndirectInputEvents = YES;
				INFOPLIST_KEY_UILaunchScreen_Generation = YES;
				INFOPLIST_KEY_UISupportedInterfaceOrientations_iPad = "UIInterfaceOrientationPortrait UIInterfaceOrientationPortraitUpsideDown UIInterfaceOrientationLandscapeLeft UIInterfaceOrientationLandscapeRight";
				INFOPLIST_KEY_UISupportedInterfaceOrientations_iPhone = "UIInterfaceOrientationPortrait UIInterfaceOrientationLandscapeLeft UIInterfaceOrientationLandscapeRight";
				IPHONEOS_DEPLOYMENT_TARGET = 15.5;
				LD_RUNPATH_SEARCH_PATHS = (
					"$(inherited)",
					"@executable_path/Frameworks",
				);
				MARKETING_VERSION = 1.0;
				PRODUCT_BUNDLE_IDENTIFIER = com.agelousis.swiftUIWeather.SwiftUIWeather;
				PRODUCT_NAME = "SwiftUI Weather";
				SDKROOT = iphoneos;
				SWIFT_EMIT_LOC_STRINGS = YES;
				SWIFT_VERSION = 5.0;
				TARGETED_DEVICE_FAMILY = "1,2";
			};
			name = Debug;
		};
		712C28DA2890E5E5002AD4CF /* Release */ = {
			isa = XCBuildConfiguration;
			buildSettings = {
				ASSETCATALOG_COMPILER_APPICON_NAME = AppIcon;
				ASSETCATALOG_COMPILER_GLOBAL_ACCENT_COLOR_NAME = AccentColor;
				CODE_SIGN_STYLE = Automatic;
				CURRENT_PROJECT_VERSION = 1;
				DEVELOPMENT_TEAM = YZSQH5GMY8;
				ENABLE_PREVIEWS = YES;
				GENERATE_INFOPLIST_FILE = YES;
				INFOPLIST_KEY_NSLocationWhenInUseUsageDescription = "SwiftUI Weather needs your location in order to diplay current weather";
				INFOPLIST_KEY_UIApplicationSceneManifest_Generation = YES;
				INFOPLIST_KEY_UIApplicationSupportsIndirectInputEvents = YES;
				INFOPLIST_KEY_UILaunchScreen_Generation = YES;
				INFOPLIST_KEY_UISupportedInterfaceOrientations_iPad = "UIInterfaceOrientationPortrait UIInterfaceOrientationPortraitUpsideDown UIInterfaceOrientationLandscapeLeft UIInterfaceOrientationLandscapeRight";
				INFOPLIST_KEY_UISupportedInterfaceOrientations_iPhone = "UIInterfaceOrientationPortrait UIInterfaceOrientationLandscapeLeft UIInterfaceOrientationLandscapeRight";
				IPHONEOS_DEPLOYMENT_TARGET = 15.5;
				LD_RUNPATH_SEARCH_PATHS = (
					"$(inherited)",
					"@executable_path/Frameworks",
				);
				MARKETING_VERSION = 1.0;
				PRODUCT_BUNDLE_IDENTIFIER = com.agelousis.swiftUIWeather.SwiftUIWeather;
				PRODUCT_NAME = "SwiftUI Weather";
				SDKROOT = iphoneos;
				SWIFT_EMIT_LOC_STRINGS = YES;
				SWIFT_VERSION = 5.0;
				TARGETED_DEVICE_FAMILY = "1,2";
				VALIDATE_PRODUCT = YES;
			};
			name = Release;
		};
		712C28DC2890E5E5002AD4CF /* Debug */ = {
			isa = XCBuildConfiguration;
			buildSettings = {
				ASSETCATALOG_COMPILER_APPICON_NAME = AppIcon;
				ASSETCATALOG_COMPILER_GLOBAL_ACCENT_COLOR_NAME = AccentColor;
				CODE_SIGN_ENTITLEMENTS = macOS/macOS.entitlements;
				CODE_SIGN_IDENTITY = "-";
				CODE_SIGN_STYLE = Automatic;
				COMBINE_HIDPI_IMAGES = YES;
				CURRENT_PROJECT_VERSION = 1;
				DEVELOPMENT_TEAM = K7759SMQSA;
				ENABLE_HARDENED_RUNTIME = YES;
				ENABLE_PREVIEWS = YES;
				GENERATE_INFOPLIST_FILE = YES;
				INFOPLIST_KEY_NSHumanReadableCopyright = "";
				LD_RUNPATH_SEARCH_PATHS = (
					"$(inherited)",
					"@executable_path/../Frameworks",
				);
				MACOSX_DEPLOYMENT_TARGET = 12.3;
				MARKETING_VERSION = 1.0;
				PRODUCT_BUNDLE_IDENTIFIER = com.agelousis.swiftUIWeather.SwiftUIWeather;
				PRODUCT_NAME = SwiftUIWeather;
				SDKROOT = macosx;
				SWIFT_EMIT_LOC_STRINGS = YES;
				SWIFT_VERSION = 5.0;
			};
			name = Debug;
		};
		712C28DD2890E5E5002AD4CF /* Release */ = {
			isa = XCBuildConfiguration;
			buildSettings = {
				ASSETCATALOG_COMPILER_APPICON_NAME = AppIcon;
				ASSETCATALOG_COMPILER_GLOBAL_ACCENT_COLOR_NAME = AccentColor;
				CODE_SIGN_ENTITLEMENTS = macOS/macOS.entitlements;
				CODE_SIGN_IDENTITY = "-";
				CODE_SIGN_STYLE = Automatic;
				COMBINE_HIDPI_IMAGES = YES;
				CURRENT_PROJECT_VERSION = 1;
				DEVELOPMENT_TEAM = K7759SMQSA;
				ENABLE_HARDENED_RUNTIME = YES;
				ENABLE_PREVIEWS = YES;
				GENERATE_INFOPLIST_FILE = YES;
				INFOPLIST_KEY_NSHumanReadableCopyright = "";
				LD_RUNPATH_SEARCH_PATHS = (
					"$(inherited)",
					"@executable_path/../Frameworks",
				);
				MACOSX_DEPLOYMENT_TARGET = 12.3;
				MARKETING_VERSION = 1.0;
				PRODUCT_BUNDLE_IDENTIFIER = com.agelousis.swiftUIWeather.SwiftUIWeather;
				PRODUCT_NAME = SwiftUIWeather;
				SDKROOT = macosx;
				SWIFT_EMIT_LOC_STRINGS = YES;
				SWIFT_VERSION = 5.0;
			};
			name = Release;
		};
		712C28DF2890E5E5002AD4CF /* Debug */ = {
			isa = XCBuildConfiguration;
			buildSettings = {
				ALWAYS_EMBED_SWIFT_STANDARD_LIBRARIES = YES;
				CODE_SIGN_STYLE = Automatic;
				CURRENT_PROJECT_VERSION = 1;
				DEVELOPMENT_TEAM = K7759SMQSA;
				GENERATE_INFOPLIST_FILE = YES;
				IPHONEOS_DEPLOYMENT_TARGET = 15.5;
				MARKETING_VERSION = 1.0;
				PRODUCT_BUNDLE_IDENTIFIER = "com.agelousis.swiftUIWeather.Tests-iOS";
				PRODUCT_NAME = "$(TARGET_NAME)";
				SDKROOT = iphoneos;
				SWIFT_EMIT_LOC_STRINGS = NO;
				SWIFT_VERSION = 5.0;
				TARGETED_DEVICE_FAMILY = "1,2";
				TEST_TARGET_NAME = "SwiftUIWeather (iOS)";
			};
			name = Debug;
		};
		712C28E02890E5E5002AD4CF /* Release */ = {
			isa = XCBuildConfiguration;
			buildSettings = {
				ALWAYS_EMBED_SWIFT_STANDARD_LIBRARIES = YES;
				CODE_SIGN_STYLE = Automatic;
				CURRENT_PROJECT_VERSION = 1;
				DEVELOPMENT_TEAM = K7759SMQSA;
				GENERATE_INFOPLIST_FILE = YES;
				IPHONEOS_DEPLOYMENT_TARGET = 15.5;
				MARKETING_VERSION = 1.0;
				PRODUCT_BUNDLE_IDENTIFIER = "com.agelousis.swiftUIWeather.Tests-iOS";
				PRODUCT_NAME = "$(TARGET_NAME)";
				SDKROOT = iphoneos;
				SWIFT_EMIT_LOC_STRINGS = NO;
				SWIFT_VERSION = 5.0;
				TARGETED_DEVICE_FAMILY = "1,2";
				TEST_TARGET_NAME = "SwiftUIWeather (iOS)";
				VALIDATE_PRODUCT = YES;
			};
			name = Release;
		};
		712C28E22890E5E5002AD4CF /* Debug */ = {
			isa = XCBuildConfiguration;
			buildSettings = {
				ALWAYS_EMBED_SWIFT_STANDARD_LIBRARIES = YES;
				CODE_SIGN_STYLE = Automatic;
				CURRENT_PROJECT_VERSION = 1;
				DEVELOPMENT_TEAM = K7759SMQSA;
				GENERATE_INFOPLIST_FILE = YES;
				MACOSX_DEPLOYMENT_TARGET = 12.3;
				MARKETING_VERSION = 1.0;
				PRODUCT_BUNDLE_IDENTIFIER = "com.agelousis.swiftUIWeather.Tests-macOS";
				PRODUCT_NAME = "$(TARGET_NAME)";
				SDKROOT = macosx;
				SWIFT_EMIT_LOC_STRINGS = NO;
				SWIFT_VERSION = 5.0;
				TEST_TARGET_NAME = "SwiftUIWeather (macOS)";
			};
			name = Debug;
		};
		712C28E32890E5E5002AD4CF /* Release */ = {
			isa = XCBuildConfiguration;
			buildSettings = {
				ALWAYS_EMBED_SWIFT_STANDARD_LIBRARIES = YES;
				CODE_SIGN_STYLE = Automatic;
				CURRENT_PROJECT_VERSION = 1;
				DEVELOPMENT_TEAM = K7759SMQSA;
				GENERATE_INFOPLIST_FILE = YES;
				MACOSX_DEPLOYMENT_TARGET = 12.3;
				MARKETING_VERSION = 1.0;
				PRODUCT_BUNDLE_IDENTIFIER = "com.agelousis.swiftUIWeather.Tests-macOS";
				PRODUCT_NAME = "$(TARGET_NAME)";
				SDKROOT = macosx;
				SWIFT_EMIT_LOC_STRINGS = NO;
				SWIFT_VERSION = 5.0;
				TEST_TARGET_NAME = "SwiftUIWeather (macOS)";
			};
			name = Release;
		};
/* End XCBuildConfiguration section */

/* Begin XCConfigurationList section */
		712C28A62890E5E2002AD4CF /* Build configuration list for PBXProject "SwiftUIWeather" */ = {
			isa = XCConfigurationList;
			buildConfigurations = (
				712C28D62890E5E5002AD4CF /* Debug */,
				712C28D72890E5E5002AD4CF /* Release */,
			);
			defaultConfigurationIsVisible = 0;
			defaultConfigurationName = Release;
		};
		712C28D82890E5E5002AD4CF /* Build configuration list for PBXNativeTarget "SwiftUIWeather (iOS)" */ = {
			isa = XCConfigurationList;
			buildConfigurations = (
				712C28D92890E5E5002AD4CF /* Debug */,
				712C28DA2890E5E5002AD4CF /* Release */,
			);
			defaultConfigurationIsVisible = 0;
			defaultConfigurationName = Release;
		};
		712C28DB2890E5E5002AD4CF /* Build configuration list for PBXNativeTarget "SwiftUIWeather (macOS)" */ = {
			isa = XCConfigurationList;
			buildConfigurations = (
				712C28DC2890E5E5002AD4CF /* Debug */,
				712C28DD2890E5E5002AD4CF /* Release */,
			);
			defaultConfigurationIsVisible = 0;
			defaultConfigurationName = Release;
		};
		712C28DE2890E5E5002AD4CF /* Build configuration list for PBXNativeTarget "Tests iOS" */ = {
			isa = XCConfigurationList;
			buildConfigurations = (
				712C28DF2890E5E5002AD4CF /* Debug */,
				712C28E02890E5E5002AD4CF /* Release */,
			);
			defaultConfigurationIsVisible = 0;
			defaultConfigurationName = Release;
		};
		712C28E12890E5E5002AD4CF /* Build configuration list for PBXNativeTarget "Tests macOS" */ = {
			isa = XCConfigurationList;
			buildConfigurations = (
				712C28E22890E5E5002AD4CF /* Debug */,
				712C28E32890E5E5002AD4CF /* Release */,
			);
			defaultConfigurationIsVisible = 0;
			defaultConfigurationName = Release;
		};
/* End XCConfigurationList section */

/* Begin XCRemoteSwiftPackageReference section */
		712FAE9928B0134D003E575E /* XCRemoteSwiftPackageReference "swiftui-map-item-picker" */ = {
			isa = XCRemoteSwiftPackageReference;
			repositoryURL = "https://github.com/lorenzofiamingo/swiftui-map-item-picker";
			requirement = {
				kind = upToNextMajorVersion;
				minimumVersion = 2.0.0;
			};
		};
		7174859D28991AC0001E239F /* XCRemoteSwiftPackageReference "Alamofire" */ = {
			isa = XCRemoteSwiftPackageReference;
			repositoryURL = "https://github.com/Alamofire/Alamofire.git";
			requirement = {
				kind = upToNextMajorVersion;
				minimumVersion = 5.0.0;
			};
		};
		71D3B73C2898D35900969292 /* XCRemoteSwiftPackageReference "lottie-ios" */ = {
			isa = XCRemoteSwiftPackageReference;
			repositoryURL = "https://github.com/airbnb/lottie-ios";
			requirement = {
				kind = upToNextMajorVersion;
				minimumVersion = 3.0.0;
			};
		};
/* End XCRemoteSwiftPackageReference section */

/* Begin XCSwiftPackageProductDependency section */
		712FAE9A28B0134D003E575E /* MapItemPicker */ = {
			isa = XCSwiftPackageProductDependency;
			package = 712FAE9928B0134D003E575E /* XCRemoteSwiftPackageReference "swiftui-map-item-picker" */;
			productName = MapItemPicker;
		};
		7174859E28991AC0001E239F /* Alamofire */ = {
			isa = XCSwiftPackageProductDependency;
			package = 7174859D28991AC0001E239F /* XCRemoteSwiftPackageReference "Alamofire" */;
			productName = Alamofire;
		};
		71D3B73D2898D35A00969292 /* Lottie */ = {
			isa = XCSwiftPackageProductDependency;
			package = 71D3B73C2898D35900969292 /* XCRemoteSwiftPackageReference "lottie-ios" */;
			productName = Lottie;
		};
/* End XCSwiftPackageProductDependency section */
	};
	rootObject = 712C28A32890E5E2002AD4CF /* Project object */;
}
